// !$*UTF8*$!
{
	archiveVersion = 1;
	classes = {
	};
	objectVersion = 46;
	objects = {

/* Begin PBXBuildFile section */
		610AA7201C90925D00985470 /* PAYJP.framework in Embed Frameworks */ = {isa = PBXBuildFile; fileRef = 610AA71F1C90925D00985470 /* PAYJP.framework */; settings = {ATTRIBUTES = (CodeSignOnCopy, RemoveHeadersOnCopy, ); }; };
		618623E71C79792A00878FB9 /* AppDelegate.swift in Sources */ = {isa = PBXBuildFile; fileRef = 618623E61C79792A00878FB9 /* AppDelegate.swift */; };
		618623E91C79792A00878FB9 /* ViewController.swift in Sources */ = {isa = PBXBuildFile; fileRef = 618623E81C79792A00878FB9 /* ViewController.swift */; };
		618623EC1C79792A00878FB9 /* Main.storyboard in Resources */ = {isa = PBXBuildFile; fileRef = 618623EA1C79792A00878FB9 /* Main.storyboard */; };
		618623EE1C79792A00878FB9 /* Assets.xcassets in Resources */ = {isa = PBXBuildFile; fileRef = 618623ED1C79792A00878FB9 /* Assets.xcassets */; };
		618623F11C79792A00878FB9 /* LaunchScreen.storyboard in Resources */ = {isa = PBXBuildFile; fileRef = 618623EF1C79792A00878FB9 /* LaunchScreen.storyboard */; };
/* End PBXBuildFile section */

/* Begin PBXCopyFilesBuildPhase section */
		610AA7171C907D2E00985470 /* Embed Frameworks */ = {
			isa = PBXCopyFilesBuildPhase;
			buildActionMask = 2147483647;
			dstPath = "";
			dstSubfolderSpec = 10;
			files = (
				610AA7201C90925D00985470 /* PAYJP.framework in Embed Frameworks */,
			);
			name = "Embed Frameworks";
			runOnlyForDeploymentPostprocessing = 0;
		};
/* End PBXCopyFilesBuildPhase section */

/* Begin PBXFileReference section */
		610AA71F1C90925D00985470 /* PAYJP.framework */ = {isa = PBXFileReference; lastKnownFileType = wrapper.framework; path = PAYJP.framework; sourceTree = "<group>"; };
		618623E31C79792A00878FB9 /* ApplePaySample.app */ = {isa = PBXFileReference; explicitFileType = wrapper.application; includeInIndex = 0; path = ApplePaySample.app; sourceTree = BUILT_PRODUCTS_DIR; };
		618623E61C79792A00878FB9 /* AppDelegate.swift */ = {isa = PBXFileReference; lastKnownFileType = sourcecode.swift; path = AppDelegate.swift; sourceTree = "<group>"; };
		618623E81C79792A00878FB9 /* ViewController.swift */ = {isa = PBXFileReference; lastKnownFileType = sourcecode.swift; path = ViewController.swift; sourceTree = "<group>"; };
		618623EB1C79792A00878FB9 /* Base */ = {isa = PBXFileReference; lastKnownFileType = file.storyboard; name = Base; path = Base.lproj/Main.storyboard; sourceTree = "<group>"; };
		618623ED1C79792A00878FB9 /* Assets.xcassets */ = {isa = PBXFileReference; lastKnownFileType = folder.assetcatalog; path = Assets.xcassets; sourceTree = "<group>"; };
		618623F01C79792A00878FB9 /* Base */ = {isa = PBXFileReference; lastKnownFileType = file.storyboard; name = Base; path = Base.lproj/LaunchScreen.storyboard; sourceTree = "<group>"; };
		618623F21C79792A00878FB9 /* Info.plist */ = {isa = PBXFileReference; lastKnownFileType = text.plist.xml; path = Info.plist; sourceTree = "<group>"; };
		618624141C79794500878FB9 /* ApplePaySample.entitlements */ = {isa = PBXFileReference; lastKnownFileType = text.xml; path = ApplePaySample.entitlements; sourceTree = "<group>"; };
/* End PBXFileReference section */

/* Begin PBXFrameworksBuildPhase section */
		618623E01C79792A00878FB9 /* Frameworks */ = {
			isa = PBXFrameworksBuildPhase;
			buildActionMask = 2147483647;
			files = (
			);
			runOnlyForDeploymentPostprocessing = 0;
		};
/* End PBXFrameworksBuildPhase section */

/* Begin PBXGroup section */
		618623DA1C79792A00878FB9 = {
			isa = PBXGroup;
			children = (
				610AA71F1C90925D00985470 /* PAYJP.framework */,
				618623E51C79792A00878FB9 /* ApplePaySample */,
				618623E41C79792A00878FB9 /* Products */,
			);
			sourceTree = "<group>";
		};
		618623E41C79792A00878FB9 /* Products */ = {
			isa = PBXGroup;
			children = (
				618623E31C79792A00878FB9 /* ApplePaySample.app */,
			);
			name = Products;
			sourceTree = "<group>";
		};
		618623E51C79792A00878FB9 /* ApplePaySample */ = {
			isa = PBXGroup;
			children = (
				618624141C79794500878FB9 /* ApplePaySample.entitlements */,
				618623E61C79792A00878FB9 /* AppDelegate.swift */,
				618623E81C79792A00878FB9 /* ViewController.swift */,
				618623EA1C79792A00878FB9 /* Main.storyboard */,
				618623ED1C79792A00878FB9 /* Assets.xcassets */,
				618623EF1C79792A00878FB9 /* LaunchScreen.storyboard */,
				618623F21C79792A00878FB9 /* Info.plist */,
			);
			path = ApplePaySample;
			sourceTree = "<group>";
		};
/* End PBXGroup section */

/* Begin PBXNativeTarget section */
		618623E21C79792A00878FB9 /* ApplePaySample */ = {
			isa = PBXNativeTarget;
			buildConfigurationList = 6186240B1C79792A00878FB9 /* Build configuration list for PBXNativeTarget "ApplePaySample" */;
			buildPhases = (
				618623DF1C79792A00878FB9 /* Sources */,
				618623E01C79792A00878FB9 /* Frameworks */,
				618623E11C79792A00878FB9 /* Resources */,
				610AA7171C907D2E00985470 /* Embed Frameworks */,
			);
			buildRules = (
			);
			dependencies = (
			);
			name = ApplePaySample;
			productName = ApplePaySample;
			productReference = 618623E31C79792A00878FB9 /* ApplePaySample.app */;
			productType = "com.apple.product-type.application";
		};
/* End PBXNativeTarget section */

/* Begin PBXProject section */
		618623DB1C79792A00878FB9 /* Project object */ = {
			isa = PBXProject;
			attributes = {
				LastSwiftUpdateCheck = 0720;
				LastUpgradeCheck = 0720;
				ORGANIZATIONNAME = "Tsukinowa Inc.";
				TargetAttributes = {
					618623E21C79792A00878FB9 = {
						CreatedOnToolsVersion = 7.2.1;
						DevelopmentTeam = YX848T56P5;
						SystemCapabilities = {
							com.apple.OMC = {
								enabled = 1;
							};
						};
					};
				};
			};
			buildConfigurationList = 618623DE1C79792A00878FB9 /* Build configuration list for PBXProject "ApplePaySample" */;
			compatibilityVersion = "Xcode 3.2";
			developmentRegion = English;
			hasScannedForEncodings = 0;
			knownRegions = (
				en,
				Base,
			);
			mainGroup = 618623DA1C79792A00878FB9;
			productRefGroup = 618623E41C79792A00878FB9 /* Products */;
			projectDirPath = "";
			projectRoot = "";
			targets = (
				618623E21C79792A00878FB9 /* ApplePaySample */,
			);
		};
/* End PBXProject section */

/* Begin PBXResourcesBuildPhase section */
		618623E11C79792A00878FB9 /* Resources */ = {
			isa = PBXResourcesBuildPhase;
			buildActionMask = 2147483647;
			files = (
				618623F11C79792A00878FB9 /* LaunchScreen.storyboard in Resources */,
				618623EE1C79792A00878FB9 /* Assets.xcassets in Resources */,
				618623EC1C79792A00878FB9 /* Main.storyboard in Resources */,
			);
			runOnlyForDeploymentPostprocessing = 0;
		};
/* End PBXResourcesBuildPhase section */

/* Begin PBXSourcesBuildPhase section */
		618623DF1C79792A00878FB9 /* Sources */ = {
			isa = PBXSourcesBuildPhase;
			buildActionMask = 2147483647;
			files = (
				618623E91C79792A00878FB9 /* ViewController.swift in Sources */,
				618623E71C79792A00878FB9 /* AppDelegate.swift in Sources */,
			);
			runOnlyForDeploymentPostprocessing = 0;
		};
/* End PBXSourcesBuildPhase section */

/* Begin PBXVariantGroup section */
		618623EA1C79792A00878FB9 /* Main.storyboard */ = {
			isa = PBXVariantGroup;
			children = (
				618623EB1C79792A00878FB9 /* Base */,
			);
			name = Main.storyboard;
			sourceTree = "<group>";
		};
		618623EF1C79792A00878FB9 /* LaunchScreen.storyboard */ = {
			isa = PBXVariantGroup;
			children = (
				618623F01C79792A00878FB9 /* Base */,
			);
			name = LaunchScreen.storyboard;
			sourceTree = "<group>";
		};
/* End PBXVariantGroup section */

/* Begin XCBuildConfiguration section */
		618624091C79792A00878FB9 /* Debug */ = {
			isa = XCBuildConfiguration;
			buildSettings = {
				ALWAYS_SEARCH_USER_PATHS = NO;
				CLANG_CXX_LANGUAGE_STANDARD = "gnu++0x";
				CLANG_CXX_LIBRARY = "libc++";
				CLANG_ENABLE_MODULES = YES;
				CLANG_ENABLE_OBJC_ARC = YES;
				CLANG_WARN_BOOL_CONVERSION = YES;
				CLANG_WARN_CONSTANT_CONVERSION = YES;
				CLANG_WARN_DIRECT_OBJC_ISA_USAGE = YES_ERROR;
				CLANG_WARN_EMPTY_BODY = YES;
				CLANG_WARN_ENUM_CONVERSION = YES;
				CLANG_WARN_INT_CONVERSION = YES;
				CLANG_WARN_OBJC_ROOT_CLASS = YES_ERROR;
				CLANG_WARN_UNREACHABLE_CODE = YES;
				CLANG_WARN__DUPLICATE_METHOD_MATCH = YES;
				CODE_SIGN_IDENTITY = "iPhone Developer";
				"CODE_SIGN_IDENTITY[sdk=iphoneos*]" = "iPhone Developer";
				COPY_PHASE_STRIP = NO;
				DEBUG_INFORMATION_FORMAT = dwarf;
				ENABLE_STRICT_OBJC_MSGSEND = YES;
				ENABLE_TESTABILITY = YES;
				GCC_C_LANGUAGE_STANDARD = gnu99;
				GCC_DYNAMIC_NO_PIC = NO;
				GCC_NO_COMMON_BLOCKS = YES;
				GCC_OPTIMIZATION_LEVEL = 0;
				GCC_PREPROCESSOR_DEFINITIONS = (
					"DEBUG=1",
					"$(inherited)",
				);
				GCC_WARN_64_TO_32_BIT_CONVERSION = YES;
				GCC_WARN_ABOUT_RETURN_TYPE = YES_ERROR;
				GCC_WARN_UNDECLARED_SELECTOR = YES;
				GCC_WARN_UNINITIALIZED_AUTOS = YES_AGGRESSIVE;
				GCC_WARN_UNUSED_FUNCTION = YES;
				GCC_WARN_UNUSED_VARIABLE = YES;
				IPHONEOS_DEPLOYMENT_TARGET = 9.2;
				MTL_ENABLE_DEBUG_INFO = YES;
				ONLY_ACTIVE_ARCH = YES;
				PROVISIONING_PROFILE = "";
				SDKROOT = iphoneos;
				SWIFT_OPTIMIZATION_LEVEL = "-Onone";
			};
			name = Debug;
		};
		6186240A1C79792A00878FB9 /* Release */ = {
			isa = XCBuildConfiguration;
			buildSettings = {
				ALWAYS_SEARCH_USER_PATHS = NO;
				CLANG_CXX_LANGUAGE_STANDARD = "gnu++0x";
				CLANG_CXX_LIBRARY = "libc++";
				CLANG_ENABLE_MODULES = YES;
				CLANG_ENABLE_OBJC_ARC = YES;
				CLANG_WARN_BOOL_CONVERSION = YES;
				CLANG_WARN_CONSTANT_CONVERSION = YES;
				CLANG_WARN_DIRECT_OBJC_ISA_USAGE = YES_ERROR;
				CLANG_WARN_EMPTY_BODY = YES;
				CLANG_WARN_ENUM_CONVERSION = YES;
				CLANG_WARN_INT_CONVERSION = YES;
				CLANG_WARN_OBJC_ROOT_CLASS = YES_ERROR;
				CLANG_WARN_UNREACHABLE_CODE = YES;
				CLANG_WARN__DUPLICATE_METHOD_MATCH = YES;
				CODE_SIGN_IDENTITY = "iPhone Distribution";
				"CODE_SIGN_IDENTITY[sdk=iphoneos*]" = "iPhone Distribution";
				COPY_PHASE_STRIP = NO;
				DEBUG_INFORMATION_FORMAT = "dwarf-with-dsym";
				ENABLE_NS_ASSERTIONS = NO;
				ENABLE_STRICT_OBJC_MSGSEND = YES;
				GCC_C_LANGUAGE_STANDARD = gnu99;
				GCC_NO_COMMON_BLOCKS = YES;
				GCC_WARN_64_TO_32_BIT_CONVERSION = YES;
				GCC_WARN_ABOUT_RETURN_TYPE = YES_ERROR;
				GCC_WARN_UNDECLARED_SELECTOR = YES;
				GCC_WARN_UNINITIALIZED_AUTOS = YES_AGGRESSIVE;
				GCC_WARN_UNUSED_FUNCTION = YES;
				GCC_WARN_UNUSED_VARIABLE = YES;
				IPHONEOS_DEPLOYMENT_TARGET = 9.2;
				MTL_ENABLE_DEBUG_INFO = NO;
				PROVISIONING_PROFILE = "";
				SDKROOT = iphoneos;
				VALIDATE_PRODUCT = YES;
			};
			name = Release;
		};
		6186240C1C79792A00878FB9 /* Debug */ = {
			isa = XCBuildConfiguration;
			buildSettings = {
				ASSETCATALOG_COMPILER_APPICON_NAME = AppIcon;
				CODE_SIGN_ENTITLEMENTS = ApplePaySample/ApplePaySample.entitlements;
				CODE_SIGN_IDENTITY = "iPhone Developer";
				"CODE_SIGN_IDENTITY[sdk=iphoneos*]" = "iPhone Developer";
				FRAMEWORK_SEARCH_PATHS = (
					"$(inherited)",
					"$(PROJECT_DIR)",
				);
				INFOPLIST_FILE = ApplePaySample/Info.plist;
				LD_RUNPATH_SEARCH_PATHS = "$(inherited) @executable_path/Frameworks";
				PRODUCT_BUNDLE_IDENTIFIER = jp.pay.ApplePaySample;
				PRODUCT_NAME = "$(TARGET_NAME)";
				PROVISIONING_PROFILE = "";
			};
			name = Debug;
		};
		6186240D1C79792A00878FB9 /* Release */ = {
			isa = XCBuildConfiguration;
			buildSettings = {
				ASSETCATALOG_COMPILER_APPICON_NAME = AppIcon;
				CODE_SIGN_ENTITLEMENTS = ApplePaySample/ApplePaySample.entitlements;
				CODE_SIGN_IDENTITY = "iPhone Distribution";
				"CODE_SIGN_IDENTITY[sdk=iphoneos*]" = "iPhone Distribution";
				FRAMEWORK_SEARCH_PATHS = (
					"$(inherited)",
					"$(PROJECT_DIR)",
				);
				INFOPLIST_FILE = ApplePaySample/Info.plist;
				LD_RUNPATH_SEARCH_PATHS = "$(inherited) @executable_path/Frameworks";
				PRODUCT_BUNDLE_IDENTIFIER = jp.pay.ApplePaySample;
				PRODUCT_NAME = "$(TARGET_NAME)";
				PROVISIONING_PROFILE = "";
			};
			name = Release;
		};
/* End XCBuildConfiguration section */

/* Begin XCConfigurationList section */
		618623DE1C79792A00878FB9 /* Build configuration list for PBXProject "ApplePaySample" */ = {
			isa = XCConfigurationList;
			buildConfigurations = (
				618624091C79792A00878FB9 /* Debug */,
				6186240A1C79792A00878FB9 /* Release */,
			);
			defaultConfigurationIsVisible = 0;
			defaultConfigurationName = Release;
		};
		6186240B1C79792A00878FB9 /* Build configuration list for PBXNativeTarget "ApplePaySample" */ = {
			isa = XCConfigurationList;
			buildConfigurations = (
				6186240C1C79792A00878FB9 /* Debug */,
				6186240D1C79792A00878FB9 /* Release */,
			);
			defaultConfigurationIsVisible = 0;
			defaultConfigurationName = Release;
		};
/* End XCConfigurationList section */
	};
	rootObject = 618623DB1C79792A00878FB9 /* Project object */;
}
