// !$*UTF8*$!
{
	archiveVersion = 1;
	classes = {
	};
	objectVersion = 46;
	objects = {

/* Begin PBXBuildFile section */
		322BD1D6225C83CA00D83B5E /* JSONDecoder+PAYJP.swift in Sources */ = {isa = PBXBuildFile; fileRef = 322BD1D5225C83CA00D83B5E /* JSONDecoder+PAYJP.swift */; };
		325E36B1233484C90037E6BE /* UIColor+PAYJP.swift in Sources */ = {isa = PBXBuildFile; fileRef = 325E36B0233484C90037E6BE /* UIColor+PAYJP.swift */; };
		3289C9D123EACB6D008FFBC1 /* ClientInfo.swift in Sources */ = {isa = PBXBuildFile; fileRef = 3289C9D023EACB6D008FFBC1 /* ClientInfo.swift */; };
		3289C9D323EBFC87008FFBC1 /* ClientInfoTests.swift in Sources */ = {isa = PBXBuildFile; fileRef = 3289C9D223EBFC87008FFBC1 /* ClientInfoTests.swift */; };
		32A6F614239608DD00747477 /* ActionButton.swift in Sources */ = {isa = PBXBuildFile; fileRef = 32A6F613239608DD00747477 /* ActionButton.swift */; };
		32A6F6162396093B00747477 /* Radius.swift in Sources */ = {isa = PBXBuildFile; fileRef = 32A6F6152396093B00747477 /* Radius.swift */; };
		32A8E4CC23B4616A001D1C38 /* JSONDecodable.swift in Sources */ = {isa = PBXBuildFile; fileRef = 32A8E4CB23B4616A001D1C38 /* JSONDecodable.swift */; };
		615AFF5F1C8C74A1003FB86F /* PAYJP.h in Headers */ = {isa = PBXBuildFile; fileRef = 615AFF5E1C8C74A1003FB86F /* PAYJP.h */; settings = {ATTRIBUTES = (Public, ); }; };
		615AFF661C8C74A1003FB86F /* PAYJP.framework in Frameworks */ = {isa = PBXBuildFile; fileRef = 615AFF5B1C8C74A1003FB86F /* PAYJP.framework */; };
		615AFF6B1C8C74A1003FB86F /* APIClientTests.swift in Sources */ = {isa = PBXBuildFile; fileRef = 615AFF6A1C8C74A1003FB86F /* APIClientTests.swift */; };
		615AFF761C8C76E2003FB86F /* APIClient.swift in Sources */ = {isa = PBXBuildFile; fileRef = 615AFF751C8C76E2003FB86F /* APIClient.swift */; };
		BE0203E9231F8DCB00FE5635 /* StringProtocol+PAYJP.swift in Sources */ = {isa = PBXBuildFile; fileRef = BE0203E8231F8DCB00FE5635 /* StringProtocol+PAYJP.swift */; };
		BE0417CF22E1A51100B944CB /* ExpirationValidator.swift in Sources */ = {isa = PBXBuildFile; fileRef = BE0417CE22E1A51100B944CB /* ExpirationValidator.swift */; };
		BE0417D122E1A52500B944CB /* ExpirationValidatorTests.swift in Sources */ = {isa = PBXBuildFile; fileRef = BE0417D022E1A52500B944CB /* ExpirationValidatorTests.swift */; };
		BE0417D322E1CE4300B944CB /* CardFormViewViewModel.swift in Sources */ = {isa = PBXBuildFile; fileRef = BE0417D222E1CE4300B944CB /* CardFormViewViewModel.swift */; };
		BE196D4A22F123F100A042BE /* GetAcceptedBrandsResponseTests.swift in Sources */ = {isa = PBXBuildFile; fileRef = BE196D4922F123F100A042BE /* GetAcceptedBrandsResponseTests.swift */; };
		BE1DAA7A22E043AE00D15A84 /* ExpirationExtractor.swift in Sources */ = {isa = PBXBuildFile; fileRef = BE1DAA7922E043AE00D15A84 /* ExpirationExtractor.swift */; };
		BE1DAA7C22E0536800D15A84 /* ExpirationExtractorTests.swift in Sources */ = {isa = PBXBuildFile; fileRef = BE1DAA7B22E0536800D15A84 /* ExpirationExtractorTests.swift */; };
		BE21780F22E802A00098128D /* PAYJPSDK.swift in Sources */ = {isa = PBXBuildFile; fileRef = BE21780E22E802A00098128D /* PAYJPSDK.swift */; };
		BE21781422E806730098128D /* PAYJPSDKTests.m in Sources */ = {isa = PBXBuildFile; fileRef = BE21781322E806730098128D /* PAYJPSDKTests.m */; };
		BE21781622E8091A0098128D /* PAYJPSDKTests.swift in Sources */ = {isa = PBXBuildFile; fileRef = BE21781522E8091A0098128D /* PAYJPSDKTests.swift */; };
		BE21781A22E82AA50098128D /* CallbackQueue.swift in Sources */ = {isa = PBXBuildFile; fileRef = BE21781922E82AA50098128D /* CallbackQueue.swift */; };
		BE21781C22E82AFD0098128D /* Client.swift in Sources */ = {isa = PBXBuildFile; fileRef = BE21781B22E82AFD0098128D /* Client.swift */; };
		BE21781E22E82B350098128D /* Request.swift in Sources */ = {isa = PBXBuildFile; fileRef = BE21781D22E82B350098128D /* Request.swift */; };
		BE21782022E82B820098128D /* ParametersSerialization.swift in Sources */ = {isa = PBXBuildFile; fileRef = BE21781F22E82B820098128D /* ParametersSerialization.swift */; };
		BE21785222E982A60098128D /* CreateTokenRequest.swift in Sources */ = {isa = PBXBuildFile; fileRef = BE21785122E982A60098128D /* CreateTokenRequest.swift */; };
		BE21785422E982E30098128D /* BaseRequest.swift in Sources */ = {isa = PBXBuildFile; fileRef = BE21785322E982E30098128D /* BaseRequest.swift */; };
		BE21785722E995C40098128D /* CreateTokenRequestTests.swift in Sources */ = {isa = PBXBuildFile; fileRef = BE21785622E995C40098128D /* CreateTokenRequestTests.swift */; };
		BE21785922E9993D0098128D /* CreateTokenForApplePayRequest.swift in Sources */ = {isa = PBXBuildFile; fileRef = BE21785822E9993D0098128D /* CreateTokenForApplePayRequest.swift */; };
		BE21785B22E99BB30098128D /* CreateTokenForApplePayRequestTests.swift in Sources */ = {isa = PBXBuildFile; fileRef = BE21785A22E99BB30098128D /* CreateTokenForApplePayRequestTests.swift */; };
		BE21785D22E99CF10098128D /* GetTokenRequest.swift in Sources */ = {isa = PBXBuildFile; fileRef = BE21785C22E99CF10098128D /* GetTokenRequest.swift */; };
		BE21785F22E99F260098128D /* GetTokenRequestTests.swift in Sources */ = {isa = PBXBuildFile; fileRef = BE21785E22E99F260098128D /* GetTokenRequestTests.swift */; };
		BE21786122E9A4F70098128D /* GetAcceptedBrands.swift in Sources */ = {isa = PBXBuildFile; fileRef = BE21786022E9A4F70098128D /* GetAcceptedBrands.swift */; };
		BE21786322E9B9A90098128D /* GetAcceptedBrandsTests.swift in Sources */ = {isa = PBXBuildFile; fileRef = BE21786222E9B9A90098128D /* GetAcceptedBrandsTests.swift */; };
		BE25B80722F15AF900799201 /* TestFixture.swift in Sources */ = {isa = PBXBuildFile; fileRef = C68681F91E1E2369001D7F75 /* TestFixture.swift */; };
		BE25B80822F15AFF00799201 /* StubPaymentToken.swift in Sources */ = {isa = PBXBuildFile; fileRef = BE25B80322F15AAC00799201 /* StubPaymentToken.swift */; };
		BE3F43B0232775860020742A /* CardIOCardParams.h in Headers */ = {isa = PBXBuildFile; fileRef = BE3F43AE232775860020742A /* CardIOCardParams.h */; settings = {ATTRIBUTES = (Public, ); }; };
		BE3F43B1232775860020742A /* CardIOCardParams.m in Sources */ = {isa = PBXBuildFile; fileRef = BE3F43AF232775860020742A /* CardIOCardParams.m */; };
		BE4B4FD922FC036200642192 /* CardIOProxy.h in Headers */ = {isa = PBXBuildFile; fileRef = BE4B4FD722FC036200642192 /* CardIOProxy.h */; settings = {ATTRIBUTES = (Public, ); }; };
		BE4B4FDA22FC036200642192 /* CardIOProxy.m in Sources */ = {isa = PBXBuildFile; fileRef = BE4B4FD822FC036200642192 /* CardIOProxy.m */; };
		BE4B4FDF22FD3E3A00642192 /* UIView+PAYJP.swift in Sources */ = {isa = PBXBuildFile; fileRef = BE4B4FDE22FD3E3A00642192 /* UIView+PAYJP.swift */; };
		BE6C230620B2DCEB00C4FE1E /* PAYErrorResponse.swift in Sources */ = {isa = PBXBuildFile; fileRef = BE6C230520B2DCEA00C4FE1E /* PAYErrorResponse.swift */; };
		BE6C230920B2DE2F00C4FE1E /* PAYErrorResponseTests.swift in Sources */ = {isa = PBXBuildFile; fileRef = BE6C230720B2DE0300C4FE1E /* PAYErrorResponseTests.swift */; };
		BE6C230E20B4064200C4FE1E /* PAYJP.m in Sources */ = {isa = PBXBuildFile; fileRef = BE6C230D20B4064200C4FE1E /* PAYJP.m */; };
		BE6C231020B566AE00C4FE1E /* APIErrorNSErrorTests.swift in Sources */ = {isa = PBXBuildFile; fileRef = BE6C230F20B566AE00C4FE1E /* APIErrorNSErrorTests.swift */; };
		BE734B8722DD7C2D008679EC /* ExpirationFormatter.swift in Sources */ = {isa = PBXBuildFile; fileRef = BE734B8622DD7C2D008679EC /* ExpirationFormatter.swift */; };
		BE734B8A22DD7DE2008679EC /* ExpirationFormatterTests.swift in Sources */ = {isa = PBXBuildFile; fileRef = BE734B8922DD7DE2008679EC /* ExpirationFormatterTests.swift */; };
		BE734B8F22DEF3AE008679EC /* CardFormTableStyledView.swift in Sources */ = {isa = PBXBuildFile; fileRef = BE734B8E22DEF3AE008679EC /* CardFormTableStyledView.swift */; };
		BEA1D28522EADCC200F8906B /* TokensService.swift in Sources */ = {isa = PBXBuildFile; fileRef = BEA1D28422EADCC200F8906B /* TokensService.swift */; };
		BEA1D28722EADE5000F8906B /* AccountsService.swift in Sources */ = {isa = PBXBuildFile; fileRef = BEA1D28622EADE5000F8906B /* AccountsService.swift */; };
		BEA1D28922EAFB6700F8906B /* GetAcceptedBrandsResponse.swift in Sources */ = {isa = PBXBuildFile; fileRef = BEA1D28822EAFB6700F8906B /* GetAcceptedBrandsResponse.swift */; };
		BEA1D28B22EAFCBE00F8906B /* CardBrand.swift in Sources */ = {isa = PBXBuildFile; fileRef = BEA1D28A22EAFCBE00F8906B /* CardBrand.swift */; };
		C62B7CBC1DA2078A00CAFD7B /* Fixtures in Resources */ = {isa = PBXBuildFile; fileRef = C62B7CBB1DA2078A00CAFD7B /* Fixtures */; };
		C65513751DA24E18009D6DA5 /* Card.swift in Sources */ = {isa = PBXBuildFile; fileRef = C65513741DA24E18009D6DA5 /* Card.swift */; };
		C65513BE1DA37AD4009D6DA5 /* APIError.swift in Sources */ = {isa = PBXBuildFile; fileRef = C65513BD1DA37AD4009D6DA5 /* APIError.swift */; };
		C68681F81E1E22DB001D7F75 /* CardFromTokenTests.swift in Sources */ = {isa = PBXBuildFile; fileRef = C68681F61E1E21D9001D7F75 /* CardFromTokenTests.swift */; };
		C6E00B0F1E1F583B00C101B0 /* OHHTTPStubs.framework in Frameworks */ = {isa = PBXBuildFile; fileRef = C6E00B0D1E1F505600C101B0 /* OHHTTPStubs.framework */; };
		C6E00B111E1F58D100C101B0 /* OHHTTPStubs.framework in CopyFiles */ = {isa = PBXBuildFile; fileRef = C6E00B0D1E1F505600C101B0 /* OHHTTPStubs.framework */; settings = {ATTRIBUTES = (CodeSignOnCopy, RemoveHeadersOnCopy, ); }; };
		ED00F8BD24319B31004DFE2C /* URLSchemeHandler.swift in Sources */ = {isa = PBXBuildFile; fileRef = ED00F8BC24319B31004DFE2C /* URLSchemeHandler.swift */; };
		ED00F8BF24319E1B004DFE2C /* UIApplication+PAYJP.swift in Sources */ = {isa = PBXBuildFile; fileRef = ED00F8BE24319E1B004DFE2C /* UIApplication+PAYJP.swift */; };
		ED016AAF234ACE030049E6CE /* NSErrorConverterTests.swift in Sources */ = {isa = PBXBuildFile; fileRef = ED016AAE234ACE030049E6CE /* NSErrorConverterTests.swift */; };
		ED05B173238CF18200DCA1C9 /* Log.swift in Sources */ = {isa = PBXBuildFile; fileRef = ED05B172238CF18200DCA1C9 /* Log.swift */; };
		ED06736A2387844B00F86D18 /* BrandImageCell.swift in Sources */ = {isa = PBXBuildFile; fileRef = ED0673682387844B00F86D18 /* BrandImageCell.swift */; };
		ED06736B2387844B00F86D18 /* BrandImageCell.xib in Resources */ = {isa = PBXBuildFile; fileRef = ED0673692387844B00F86D18 /* BrandImageCell.xib */; };
		ED0C78F52429B9980022D544 /* CreateTokenForThreeDSecureRequest.swift in Sources */ = {isa = PBXBuildFile; fileRef = ED0C78F42429B9980022D544 /* CreateTokenForThreeDSecureRequest.swift */; };
		ED0C78F82429F3FE0022D544 /* CreateTokenForThreeDSecureRequestTests.swift in Sources */ = {isa = PBXBuildFile; fileRef = ED0C78F62429F3940022D544 /* CreateTokenForThreeDSecureRequestTests.swift */; };
		ED0C78FA242C89090022D544 /* ThreeDSecureTokenTests.swift in Sources */ = {isa = PBXBuildFile; fileRef = ED0C78F9242C89090022D544 /* ThreeDSecureTokenTests.swift */; };
		ED263900242896BF006D0715 /* ThreeDSecureToken.swift in Sources */ = {isa = PBXBuildFile; fileRef = ED2638FF242896BF006D0715 /* ThreeDSecureToken.swift */; };
		ED2CDBB323E952570017F102 /* PermissionFetcher.swift in Sources */ = {isa = PBXBuildFile; fileRef = ED2CDBB223E952570017F102 /* PermissionFetcher.swift */; };
		ED2ECF84237E9E240066D6C2 /* CardFormViewController.swift in Sources */ = {isa = PBXBuildFile; fileRef = ED2ECF83237E9E240066D6C2 /* CardFormViewController.swift */; };
		ED2ECF86237E9E4F0066D6C2 /* CardForm.storyboard in Resources */ = {isa = PBXBuildFile; fileRef = ED2ECF85237E9E4F0066D6C2 /* CardForm.storyboard */; };
		ED30C8C823C474E0008373E6 /* WebViewObserver.swift in Sources */ = {isa = PBXBuildFile; fileRef = ED30C8C723C474E0008373E6 /* WebViewObserver.swift */; };
		ED31B07E2397C6E800DDFFE5 /* CardFormScreenPresenter.swift in Sources */ = {isa = PBXBuildFile; fileRef = ED31B07D2397C6E800DDFFE5 /* CardFormScreenPresenter.swift */; };
		ED31B0822398E9F000DDFFE5 /* CardFormInput.swift in Sources */ = {isa = PBXBuildFile; fileRef = ED31B0812398E9F000DDFFE5 /* CardFormInput.swift */; };
		ED31B0852399FA8800DDFFE5 /* CardFormScreenPresenterTests.swift in Sources */ = {isa = PBXBuildFile; fileRef = ED31B0832398FC0C00DDFFE5 /* CardFormScreenPresenterTests.swift */; };
		ED31B088239A31DA00DDFFE5 /* Mock.swift in Sources */ = {isa = PBXBuildFile; fileRef = ED31B086239A31B300DDFFE5 /* Mock.swift */; };
		ED3FEF7522F13F6000FA73BF /* String+PAYJPTests.swift in Sources */ = {isa = PBXBuildFile; fileRef = ED3FEF7422F13F6000FA73BF /* String+PAYJPTests.swift */; };
		ED40969E2394B9FA007FD8A6 /* ClientTests.swift in Sources */ = {isa = PBXBuildFile; fileRef = ED40969C2394B9E1007FD8A6 /* ClientTests.swift */; };
		ED4ACE182383F61D00349BBF /* CardFormViewControllerDelegate.swift in Sources */ = {isa = PBXBuildFile; fileRef = ED4ACE172383F61C00349BBF /* CardFormViewControllerDelegate.swift */; };
		ED50836A230FC3AC00C64A7F /* CardFormTableStyledView.xib in Resources */ = {isa = PBXBuildFile; fileRef = ED508369230FC3AB00C64A7F /* CardFormTableStyledView.xib */; };
		ED508383231CC3B600C64A7F /* StringProtocol+PAYJPTests.swift in Sources */ = {isa = PBXBuildFile; fileRef = ED508382231CC3B600C64A7F /* StringProtocol+PAYJPTests.swift */; };
		ED66B2D423D581990095B18D /* Bundle+PAYJP.swift in Sources */ = {isa = PBXBuildFile; fileRef = ED66B2D323D581990095B18D /* Bundle+PAYJP.swift */; };
		ED66B2DD23D697D10095B18D /* Resource.bundle in Resources */ = {isa = PBXBuildFile; fileRef = ED66B2DC23D697D10095B18D /* Resource.bundle */; };
		ED6F13442360319B00857BCC /* FormStyle.swift in Sources */ = {isa = PBXBuildFile; fileRef = 325E36AE233482AC0037E6BE /* FormStyle.swift */; };
		ED7C3FE7233A0F02002F1639 /* Style.swift in Sources */ = {isa = PBXBuildFile; fileRef = ED7C3FE6233A0F02002F1639 /* Style.swift */; };
		ED7C3FE9233A0F35002F1639 /* Color.swift in Sources */ = {isa = PBXBuildFile; fileRef = ED7C3FE8233A0F35002F1639 /* Color.swift */; };
		ED9B33E0238FD0860079E7B8 /* ErrorView.xib in Resources */ = {isa = PBXBuildFile; fileRef = ED9B33DF238FD0860079E7B8 /* ErrorView.xib */; };
		ED9B33E2238FD0AF0079E7B8 /* ErrorView.swift in Sources */ = {isa = PBXBuildFile; fileRef = ED9B33E1238FD0AF0079E7B8 /* ErrorView.swift */; };
		ED9B33E42390B7780079E7B8 /* ErrorTranslator.swift in Sources */ = {isa = PBXBuildFile; fileRef = ED9B33E32390B7780079E7B8 /* ErrorTranslator.swift */; };
		ED9B33E62390F0B00079E7B8 /* ErrorTranslatorTests.swift in Sources */ = {isa = PBXBuildFile; fileRef = ED9B33E52390F0B00079E7B8 /* ErrorTranslatorTests.swift */; };
		EDA3EE7F22DF0AF600D9A6C9 /* CardNumberFormatter.swift in Sources */ = {isa = PBXBuildFile; fileRef = EDA3EE7E22DF0AF600D9A6C9 /* CardNumberFormatter.swift */; };
		EDA3EE8122DF1F0300D9A6C9 /* CardNumberFormatterTests.swift in Sources */ = {isa = PBXBuildFile; fileRef = EDA3EE8022DF1F0300D9A6C9 /* CardNumberFormatterTests.swift */; };
		EDA3EE8822E18A6C00D9A6C9 /* CardNumberValidator.swift in Sources */ = {isa = PBXBuildFile; fileRef = EDA3EE8722E18A6C00D9A6C9 /* CardNumberValidator.swift */; };
		EDA3EE8C22E19D7800D9A6C9 /* CardNumberValidatorTests.swift in Sources */ = {isa = PBXBuildFile; fileRef = EDA3EE8B22E19D7800D9A6C9 /* CardNumberValidatorTests.swift */; };
		EDA3EE8E22E1AF9C00D9A6C9 /* CvcValidator.swift in Sources */ = {isa = PBXBuildFile; fileRef = EDA3EE8D22E1AF9C00D9A6C9 /* CvcValidator.swift */; };
		EDA3EE9422E1B88F00D9A6C9 /* CvcValidatorTests.swift in Sources */ = {isa = PBXBuildFile; fileRef = EDA3EE9322E1B88F00D9A6C9 /* CvcValidatorTests.swift */; };
		EDA3EE9622E1C26100D9A6C9 /* CvcFormatter.swift in Sources */ = {isa = PBXBuildFile; fileRef = EDA3EE9522E1C26100D9A6C9 /* CvcFormatter.swift */; };
		EDA3EE9822E1C6FE00D9A6C9 /* CvcFormatterTests.swift in Sources */ = {isa = PBXBuildFile; fileRef = EDA3EE9722E1C6FE00D9A6C9 /* CvcFormatterTests.swift */; };
		EDA3EE9A22E1CD8F00D9A6C9 /* CardBrandTransformer.swift in Sources */ = {isa = PBXBuildFile; fileRef = EDA3EE8222E0199700D9A6C9 /* CardBrandTransformer.swift */; };
		EDA3EE9B22E1CD9900D9A6C9 /* CardBrandTransformerTests.swift in Sources */ = {isa = PBXBuildFile; fileRef = EDA3EE8422E019A000D9A6C9 /* CardBrandTransformerTests.swift */; };
		EDA77565238E3ECD00162340 /* PublicKeyValidator.swift in Sources */ = {isa = PBXBuildFile; fileRef = EDA77564238E3ECD00162340 /* PublicKeyValidator.swift */; };
		EDA77569238E4CB200162340 /* PublicKeyValidatorTests.swift in Sources */ = {isa = PBXBuildFile; fileRef = EDA77568238E4CB200162340 /* PublicKeyValidatorTests.swift */; };
		EDA7F92D2345BF0F00EB1CA8 /* NSErrorConverter.swift in Sources */ = {isa = PBXBuildFile; fileRef = EDA7F92C2345BF0F00EB1CA8 /* NSErrorConverter.swift */; };
		EDADA262238BCE860057FDF3 /* UIViewController+PAYJP.swift in Sources */ = {isa = PBXBuildFile; fileRef = EDADA261238BCE860057FDF3 /* UIViewController+PAYJP.swift */; };
		EDB319CC234EDF0300CB0212 /* CardFormView.swift in Sources */ = {isa = PBXBuildFile; fileRef = EDB319CB234EDF0300CB0212 /* CardFormView.swift */; };
		EDB319CE23501CA300CB0212 /* CardFormViewDelegate.swift in Sources */ = {isa = PBXBuildFile; fileRef = EDB319CD23501CA300CB0212 /* CardFormViewDelegate.swift */; };
		EDC02D62230D2A0C00305B10 /* Assets.xcassets in Resources */ = {isa = PBXBuildFile; fileRef = EDC02D61230D2A0C00305B10 /* Assets.xcassets */; };
		EDCF722D22F935D400272C10 /* Token.swift in Sources */ = {isa = PBXBuildFile; fileRef = EDCF722C22F935D400272C10 /* Token.swift */; };
		EDCF723022F9369000272C10 /* TokenTests.swift in Sources */ = {isa = PBXBuildFile; fileRef = EDCF722E22F9363600272C10 /* TokenTests.swift */; };
		EDCF723122F948ED00272C10 /* FormError.swift in Sources */ = {isa = PBXBuildFile; fileRef = ED3FEF6E22EFE71900FA73BF /* FormError.swift */; };
		EDCF723222F948F500272C10 /* CardNumber.swift in Sources */ = {isa = PBXBuildFile; fileRef = ED3FEF7022F0376500FA73BF /* CardNumber.swift */; };
		EDCF723322F9490400272C10 /* String+PAYJP.swift in Sources */ = {isa = PBXBuildFile; fileRef = ED3FEF7222F133A700FA73BF /* String+PAYJP.swift */; };
		EDCF723C22FBF07C00272C10 /* CardFormViewModelTests.swift in Sources */ = {isa = PBXBuildFile; fileRef = EDCF723B22FBF07C00272C10 /* CardFormViewModelTests.swift */; };
		EDE20E9323B1E18800A38A96 /* CardVerificationViewController.swift in Sources */ = {isa = PBXBuildFile; fileRef = EDE20E9223B1E18800A38A96 /* CardVerificationViewController.swift */; };
		EDE20E9523B1E7C100A38A96 /* CardVerification.storyboard in Resources */ = {isa = PBXBuildFile; fileRef = EDE20E9423B1E7C100A38A96 /* CardVerification.storyboard */; };
		EDE20E9723B3135300A38A96 /* ThreeDSecureStatus.swift in Sources */ = {isa = PBXBuildFile; fileRef = EDE20E9623B3135300A38A96 /* ThreeDSecureStatus.swift */; };
		EDE20E9923B336B500A38A96 /* CardVerificationViewControllerDelegate.swift in Sources */ = {isa = PBXBuildFile; fileRef = EDE20E9823B336B500A38A96 /* CardVerificationViewControllerDelegate.swift */; };
		EDEAE9572344431200E061C8 /* CardFormLabelStyledView.swift in Sources */ = {isa = PBXBuildFile; fileRef = EDEAE9552344431100E061C8 /* CardFormLabelStyledView.swift */; };
		EDEAE9582344431200E061C8 /* CardFormLabelStyledView.xib in Resources */ = {isa = PBXBuildFile; fileRef = EDEAE9562344431200E061C8 /* CardFormLabelStyledView.xib */; };
		EDFF4DB2234322B00036F449 /* LocalError.swift in Sources */ = {isa = PBXBuildFile; fileRef = EDFF4DB1234322B00036F449 /* LocalError.swift */; };
/* End PBXBuildFile section */

/* Begin PBXContainerItemProxy section */
		615AFF671C8C74A1003FB86F /* PBXContainerItemProxy */ = {
			isa = PBXContainerItemProxy;
			containerPortal = 615AFF521C8C74A1003FB86F /* Project object */;
			proxyType = 1;
			remoteGlobalIDString = 615AFF5A1C8C74A1003FB86F;
			remoteInfo = PAYJP;
		};
/* End PBXContainerItemProxy section */

/* Begin PBXCopyFilesBuildPhase section */
		C6E00B101E1F58C200C101B0 /* CopyFiles */ = {
			isa = PBXCopyFilesBuildPhase;
			buildActionMask = 2147483647;
			dstPath = "";
			dstSubfolderSpec = 10;
			files = (
				C6E00B111E1F58D100C101B0 /* OHHTTPStubs.framework in CopyFiles */,
			);
			runOnlyForDeploymentPostprocessing = 0;
		};
/* End PBXCopyFilesBuildPhase section */

/* Begin PBXFileReference section */
		322BD1D5225C83CA00D83B5E /* JSONDecoder+PAYJP.swift */ = {isa = PBXFileReference; lastKnownFileType = sourcecode.swift; path = "JSONDecoder+PAYJP.swift"; sourceTree = "<group>"; };
		325E36AE233482AC0037E6BE /* FormStyle.swift */ = {isa = PBXFileReference; lastKnownFileType = sourcecode.swift; path = FormStyle.swift; sourceTree = "<group>"; };
		325E36B0233484C90037E6BE /* UIColor+PAYJP.swift */ = {isa = PBXFileReference; lastKnownFileType = sourcecode.swift; path = "UIColor+PAYJP.swift"; sourceTree = "<group>"; };
		3289C9D023EACB6D008FFBC1 /* ClientInfo.swift */ = {isa = PBXFileReference; lastKnownFileType = sourcecode.swift; path = ClientInfo.swift; sourceTree = "<group>"; };
		3289C9D223EBFC87008FFBC1 /* ClientInfoTests.swift */ = {isa = PBXFileReference; lastKnownFileType = sourcecode.swift; path = ClientInfoTests.swift; sourceTree = "<group>"; };
		32A6F613239608DD00747477 /* ActionButton.swift */ = {isa = PBXFileReference; lastKnownFileType = sourcecode.swift; path = ActionButton.swift; sourceTree = "<group>"; };
		32A6F6152396093B00747477 /* Radius.swift */ = {isa = PBXFileReference; lastKnownFileType = sourcecode.swift; path = Radius.swift; sourceTree = "<group>"; };
		32A8E4CB23B4616A001D1C38 /* JSONDecodable.swift */ = {isa = PBXFileReference; lastKnownFileType = sourcecode.swift; path = JSONDecodable.swift; sourceTree = "<group>"; };
		615AFF5B1C8C74A1003FB86F /* PAYJP.framework */ = {isa = PBXFileReference; explicitFileType = wrapper.framework; includeInIndex = 0; path = PAYJP.framework; sourceTree = BUILT_PRODUCTS_DIR; };
		615AFF5E1C8C74A1003FB86F /* PAYJP.h */ = {isa = PBXFileReference; lastKnownFileType = sourcecode.c.h; path = PAYJP.h; sourceTree = "<group>"; };
		615AFF601C8C74A1003FB86F /* Info.plist */ = {isa = PBXFileReference; lastKnownFileType = text.plist.xml; path = Info.plist; sourceTree = "<group>"; };
		615AFF651C8C74A1003FB86F /* PAYJPTests.xctest */ = {isa = PBXFileReference; explicitFileType = wrapper.cfbundle; includeInIndex = 0; path = PAYJPTests.xctest; sourceTree = BUILT_PRODUCTS_DIR; };
		615AFF6A1C8C74A1003FB86F /* APIClientTests.swift */ = {isa = PBXFileReference; lastKnownFileType = sourcecode.swift; path = APIClientTests.swift; sourceTree = "<group>"; };
		615AFF6C1C8C74A1003FB86F /* Info.plist */ = {isa = PBXFileReference; lastKnownFileType = text.plist.xml; path = Info.plist; sourceTree = "<group>"; };
		615AFF751C8C76E2003FB86F /* APIClient.swift */ = {isa = PBXFileReference; fileEncoding = 4; lastKnownFileType = sourcecode.swift; path = APIClient.swift; sourceTree = "<group>"; };
		BE0203E8231F8DCB00FE5635 /* StringProtocol+PAYJP.swift */ = {isa = PBXFileReference; fileEncoding = 4; lastKnownFileType = sourcecode.swift; path = "StringProtocol+PAYJP.swift"; sourceTree = "<group>"; };
		BE0417CE22E1A51100B944CB /* ExpirationValidator.swift */ = {isa = PBXFileReference; lastKnownFileType = sourcecode.swift; path = ExpirationValidator.swift; sourceTree = "<group>"; };
		BE0417D022E1A52500B944CB /* ExpirationValidatorTests.swift */ = {isa = PBXFileReference; lastKnownFileType = sourcecode.swift; path = ExpirationValidatorTests.swift; sourceTree = "<group>"; };
		BE0417D222E1CE4300B944CB /* CardFormViewViewModel.swift */ = {isa = PBXFileReference; lastKnownFileType = sourcecode.swift; path = CardFormViewViewModel.swift; sourceTree = "<group>"; };
		BE196D4922F123F100A042BE /* GetAcceptedBrandsResponseTests.swift */ = {isa = PBXFileReference; lastKnownFileType = sourcecode.swift; path = GetAcceptedBrandsResponseTests.swift; sourceTree = "<group>"; };
		BE1DAA7922E043AE00D15A84 /* ExpirationExtractor.swift */ = {isa = PBXFileReference; lastKnownFileType = sourcecode.swift; path = ExpirationExtractor.swift; sourceTree = "<group>"; };
		BE1DAA7B22E0536800D15A84 /* ExpirationExtractorTests.swift */ = {isa = PBXFileReference; lastKnownFileType = sourcecode.swift; path = ExpirationExtractorTests.swift; sourceTree = "<group>"; };
		BE21780E22E802A00098128D /* PAYJPSDK.swift */ = {isa = PBXFileReference; lastKnownFileType = sourcecode.swift; path = PAYJPSDK.swift; sourceTree = "<group>"; };
		BE21781222E806720098128D /* PAYJPTests-Bridging-Header.h */ = {isa = PBXFileReference; lastKnownFileType = sourcecode.c.h; path = "PAYJPTests-Bridging-Header.h"; sourceTree = "<group>"; };
		BE21781322E806730098128D /* PAYJPSDKTests.m */ = {isa = PBXFileReference; lastKnownFileType = sourcecode.c.objc; path = PAYJPSDKTests.m; sourceTree = "<group>"; };
		BE21781522E8091A0098128D /* PAYJPSDKTests.swift */ = {isa = PBXFileReference; lastKnownFileType = sourcecode.swift; path = PAYJPSDKTests.swift; sourceTree = "<group>"; };
		BE21781922E82AA50098128D /* CallbackQueue.swift */ = {isa = PBXFileReference; lastKnownFileType = sourcecode.swift; path = CallbackQueue.swift; sourceTree = "<group>"; };
		BE21781B22E82AFD0098128D /* Client.swift */ = {isa = PBXFileReference; lastKnownFileType = sourcecode.swift; path = Client.swift; sourceTree = "<group>"; };
		BE21781D22E82B350098128D /* Request.swift */ = {isa = PBXFileReference; lastKnownFileType = sourcecode.swift; path = Request.swift; sourceTree = "<group>"; };
		BE21781F22E82B820098128D /* ParametersSerialization.swift */ = {isa = PBXFileReference; lastKnownFileType = sourcecode.swift; path = ParametersSerialization.swift; sourceTree = "<group>"; };
		BE21785122E982A60098128D /* CreateTokenRequest.swift */ = {isa = PBXFileReference; lastKnownFileType = sourcecode.swift; path = CreateTokenRequest.swift; sourceTree = "<group>"; };
		BE21785322E982E30098128D /* BaseRequest.swift */ = {isa = PBXFileReference; lastKnownFileType = sourcecode.swift; path = BaseRequest.swift; sourceTree = "<group>"; };
		BE21785622E995C40098128D /* CreateTokenRequestTests.swift */ = {isa = PBXFileReference; lastKnownFileType = sourcecode.swift; path = CreateTokenRequestTests.swift; sourceTree = "<group>"; };
		BE21785822E9993D0098128D /* CreateTokenForApplePayRequest.swift */ = {isa = PBXFileReference; lastKnownFileType = sourcecode.swift; path = CreateTokenForApplePayRequest.swift; sourceTree = "<group>"; };
		BE21785A22E99BB30098128D /* CreateTokenForApplePayRequestTests.swift */ = {isa = PBXFileReference; lastKnownFileType = sourcecode.swift; path = CreateTokenForApplePayRequestTests.swift; sourceTree = "<group>"; };
		BE21785C22E99CF10098128D /* GetTokenRequest.swift */ = {isa = PBXFileReference; lastKnownFileType = sourcecode.swift; path = GetTokenRequest.swift; sourceTree = "<group>"; };
		BE21785E22E99F260098128D /* GetTokenRequestTests.swift */ = {isa = PBXFileReference; lastKnownFileType = sourcecode.swift; path = GetTokenRequestTests.swift; sourceTree = "<group>"; };
		BE21786022E9A4F70098128D /* GetAcceptedBrands.swift */ = {isa = PBXFileReference; lastKnownFileType = sourcecode.swift; path = GetAcceptedBrands.swift; sourceTree = "<group>"; };
		BE21786222E9B9A90098128D /* GetAcceptedBrandsTests.swift */ = {isa = PBXFileReference; lastKnownFileType = sourcecode.swift; path = GetAcceptedBrandsTests.swift; sourceTree = "<group>"; };
		BE25B80322F15AAC00799201 /* StubPaymentToken.swift */ = {isa = PBXFileReference; lastKnownFileType = sourcecode.swift; path = StubPaymentToken.swift; sourceTree = "<group>"; };
		BE3F43AE232775860020742A /* CardIOCardParams.h */ = {isa = PBXFileReference; lastKnownFileType = sourcecode.c.h; path = CardIOCardParams.h; sourceTree = "<group>"; };
		BE3F43AF232775860020742A /* CardIOCardParams.m */ = {isa = PBXFileReference; lastKnownFileType = sourcecode.c.objc; path = CardIOCardParams.m; sourceTree = "<group>"; };
		BE4B4FD722FC036200642192 /* CardIOProxy.h */ = {isa = PBXFileReference; lastKnownFileType = sourcecode.c.h; path = CardIOProxy.h; sourceTree = "<group>"; };
		BE4B4FD822FC036200642192 /* CardIOProxy.m */ = {isa = PBXFileReference; lastKnownFileType = sourcecode.c.objc; path = CardIOProxy.m; sourceTree = "<group>"; };
		BE4B4FDE22FD3E3A00642192 /* UIView+PAYJP.swift */ = {isa = PBXFileReference; lastKnownFileType = sourcecode.swift; path = "UIView+PAYJP.swift"; sourceTree = "<group>"; };
		BE6C230520B2DCEA00C4FE1E /* PAYErrorResponse.swift */ = {isa = PBXFileReference; fileEncoding = 4; lastKnownFileType = sourcecode.swift; path = PAYErrorResponse.swift; sourceTree = "<group>"; };
		BE6C230720B2DE0300C4FE1E /* PAYErrorResponseTests.swift */ = {isa = PBXFileReference; fileEncoding = 4; lastKnownFileType = sourcecode.swift; path = PAYErrorResponseTests.swift; sourceTree = "<group>"; };
		BE6C230D20B4064200C4FE1E /* PAYJP.m */ = {isa = PBXFileReference; fileEncoding = 4; lastKnownFileType = sourcecode.c.objc; path = PAYJP.m; sourceTree = "<group>"; };
		BE6C230F20B566AE00C4FE1E /* APIErrorNSErrorTests.swift */ = {isa = PBXFileReference; lastKnownFileType = sourcecode.swift; path = APIErrorNSErrorTests.swift; sourceTree = "<group>"; };
		BE734B8622DD7C2D008679EC /* ExpirationFormatter.swift */ = {isa = PBXFileReference; lastKnownFileType = sourcecode.swift; path = ExpirationFormatter.swift; sourceTree = "<group>"; };
		BE734B8922DD7DE2008679EC /* ExpirationFormatterTests.swift */ = {isa = PBXFileReference; lastKnownFileType = sourcecode.swift; path = ExpirationFormatterTests.swift; sourceTree = "<group>"; };
		BE734B8E22DEF3AE008679EC /* CardFormTableStyledView.swift */ = {isa = PBXFileReference; lastKnownFileType = sourcecode.swift; path = CardFormTableStyledView.swift; sourceTree = "<group>"; };
		BEA1D28422EADCC200F8906B /* TokensService.swift */ = {isa = PBXFileReference; lastKnownFileType = sourcecode.swift; path = TokensService.swift; sourceTree = "<group>"; };
		BEA1D28622EADE5000F8906B /* AccountsService.swift */ = {isa = PBXFileReference; lastKnownFileType = sourcecode.swift; path = AccountsService.swift; sourceTree = "<group>"; };
		BEA1D28822EAFB6700F8906B /* GetAcceptedBrandsResponse.swift */ = {isa = PBXFileReference; lastKnownFileType = sourcecode.swift; path = GetAcceptedBrandsResponse.swift; sourceTree = "<group>"; };
		BEA1D28A22EAFCBE00F8906B /* CardBrand.swift */ = {isa = PBXFileReference; lastKnownFileType = sourcecode.swift; path = CardBrand.swift; sourceTree = "<group>"; };
		C62B7CBB1DA2078A00CAFD7B /* Fixtures */ = {isa = PBXFileReference; lastKnownFileType = folder; path = Fixtures; sourceTree = "<group>"; };
		C65513741DA24E18009D6DA5 /* Card.swift */ = {isa = PBXFileReference; fileEncoding = 4; lastKnownFileType = sourcecode.swift; path = Card.swift; sourceTree = "<group>"; };
		C65513BD1DA37AD4009D6DA5 /* APIError.swift */ = {isa = PBXFileReference; fileEncoding = 4; lastKnownFileType = sourcecode.swift; path = APIError.swift; sourceTree = "<group>"; };
		C68681F61E1E21D9001D7F75 /* CardFromTokenTests.swift */ = {isa = PBXFileReference; fileEncoding = 4; lastKnownFileType = sourcecode.swift; path = CardFromTokenTests.swift; sourceTree = "<group>"; };
		C68681F91E1E2369001D7F75 /* TestFixture.swift */ = {isa = PBXFileReference; fileEncoding = 4; lastKnownFileType = sourcecode.swift; path = TestFixture.swift; sourceTree = "<group>"; };
		C6E00B0D1E1F505600C101B0 /* OHHTTPStubs.framework */ = {isa = PBXFileReference; lastKnownFileType = wrapper.framework; name = OHHTTPStubs.framework; path = Carthage/Build/iOS/OHHTTPStubs.framework; sourceTree = "<group>"; };
		ED00F8BC24319B31004DFE2C /* URLSchemeHandler.swift */ = {isa = PBXFileReference; lastKnownFileType = sourcecode.swift; path = URLSchemeHandler.swift; sourceTree = "<group>"; };
		ED00F8BE24319E1B004DFE2C /* UIApplication+PAYJP.swift */ = {isa = PBXFileReference; lastKnownFileType = sourcecode.swift; path = "UIApplication+PAYJP.swift"; sourceTree = "<group>"; };
		ED016AAE234ACE030049E6CE /* NSErrorConverterTests.swift */ = {isa = PBXFileReference; lastKnownFileType = sourcecode.swift; path = NSErrorConverterTests.swift; sourceTree = "<group>"; };
		ED05B172238CF18200DCA1C9 /* Log.swift */ = {isa = PBXFileReference; lastKnownFileType = sourcecode.swift; path = Log.swift; sourceTree = "<group>"; };
		ED0673682387844B00F86D18 /* BrandImageCell.swift */ = {isa = PBXFileReference; lastKnownFileType = sourcecode.swift; path = BrandImageCell.swift; sourceTree = "<group>"; };
		ED0673692387844B00F86D18 /* BrandImageCell.xib */ = {isa = PBXFileReference; lastKnownFileType = file.xib; path = BrandImageCell.xib; sourceTree = "<group>"; };
		ED0C78F42429B9980022D544 /* CreateTokenForThreeDSecureRequest.swift */ = {isa = PBXFileReference; fileEncoding = 4; lastKnownFileType = sourcecode.swift; path = CreateTokenForThreeDSecureRequest.swift; sourceTree = "<group>"; };
		ED0C78F62429F3940022D544 /* CreateTokenForThreeDSecureRequestTests.swift */ = {isa = PBXFileReference; lastKnownFileType = sourcecode.swift; path = CreateTokenForThreeDSecureRequestTests.swift; sourceTree = "<group>"; };
		ED0C78F9242C89090022D544 /* ThreeDSecureTokenTests.swift */ = {isa = PBXFileReference; lastKnownFileType = sourcecode.swift; path = ThreeDSecureTokenTests.swift; sourceTree = "<group>"; };
		ED2638FF242896BF006D0715 /* ThreeDSecureToken.swift */ = {isa = PBXFileReference; lastKnownFileType = sourcecode.swift; path = ThreeDSecureToken.swift; sourceTree = "<group>"; };
		ED2CDBB223E952570017F102 /* PermissionFetcher.swift */ = {isa = PBXFileReference; fileEncoding = 4; lastKnownFileType = sourcecode.swift; path = PermissionFetcher.swift; sourceTree = "<group>"; };
		ED2ECF83237E9E240066D6C2 /* CardFormViewController.swift */ = {isa = PBXFileReference; lastKnownFileType = sourcecode.swift; path = CardFormViewController.swift; sourceTree = "<group>"; };
		ED2ECF85237E9E4F0066D6C2 /* CardForm.storyboard */ = {isa = PBXFileReference; lastKnownFileType = file.storyboard; path = CardForm.storyboard; sourceTree = "<group>"; };
		ED30C8C723C474E0008373E6 /* WebViewObserver.swift */ = {isa = PBXFileReference; lastKnownFileType = sourcecode.swift; path = WebViewObserver.swift; sourceTree = "<group>"; };
		ED31B07D2397C6E800DDFFE5 /* CardFormScreenPresenter.swift */ = {isa = PBXFileReference; lastKnownFileType = sourcecode.swift; path = CardFormScreenPresenter.swift; sourceTree = "<group>"; };
		ED31B0812398E9F000DDFFE5 /* CardFormInput.swift */ = {isa = PBXFileReference; lastKnownFileType = sourcecode.swift; path = CardFormInput.swift; sourceTree = "<group>"; };
		ED31B0832398FC0C00DDFFE5 /* CardFormScreenPresenterTests.swift */ = {isa = PBXFileReference; lastKnownFileType = sourcecode.swift; path = CardFormScreenPresenterTests.swift; sourceTree = "<group>"; };
		ED31B086239A31B300DDFFE5 /* Mock.swift */ = {isa = PBXFileReference; lastKnownFileType = sourcecode.swift; path = Mock.swift; sourceTree = "<group>"; };
		ED3FEF6E22EFE71900FA73BF /* FormError.swift */ = {isa = PBXFileReference; lastKnownFileType = sourcecode.swift; path = FormError.swift; sourceTree = "<group>"; };
		ED3FEF7022F0376500FA73BF /* CardNumber.swift */ = {isa = PBXFileReference; lastKnownFileType = sourcecode.swift; path = CardNumber.swift; sourceTree = "<group>"; };
		ED3FEF7222F133A700FA73BF /* String+PAYJP.swift */ = {isa = PBXFileReference; lastKnownFileType = sourcecode.swift; path = "String+PAYJP.swift"; sourceTree = "<group>"; };
		ED3FEF7422F13F6000FA73BF /* String+PAYJPTests.swift */ = {isa = PBXFileReference; lastKnownFileType = sourcecode.swift; path = "String+PAYJPTests.swift"; sourceTree = "<group>"; };
		ED40969C2394B9E1007FD8A6 /* ClientTests.swift */ = {isa = PBXFileReference; fileEncoding = 4; lastKnownFileType = sourcecode.swift; path = ClientTests.swift; sourceTree = "<group>"; };
		ED4ACE172383F61C00349BBF /* CardFormViewControllerDelegate.swift */ = {isa = PBXFileReference; fileEncoding = 4; lastKnownFileType = sourcecode.swift; path = CardFormViewControllerDelegate.swift; sourceTree = "<group>"; };
		ED508369230FC3AB00C64A7F /* CardFormTableStyledView.xib */ = {isa = PBXFileReference; fileEncoding = 4; lastKnownFileType = file.xib; path = CardFormTableStyledView.xib; sourceTree = "<group>"; };
		ED508382231CC3B600C64A7F /* StringProtocol+PAYJPTests.swift */ = {isa = PBXFileReference; lastKnownFileType = sourcecode.swift; path = "StringProtocol+PAYJPTests.swift"; sourceTree = "<group>"; };
		ED66B2D323D581990095B18D /* Bundle+PAYJP.swift */ = {isa = PBXFileReference; fileEncoding = 4; lastKnownFileType = sourcecode.swift; path = "Bundle+PAYJP.swift"; sourceTree = "<group>"; };
		ED66B2DC23D697D10095B18D /* Resource.bundle */ = {isa = PBXFileReference; lastKnownFileType = "wrapper.plug-in"; path = Resource.bundle; sourceTree = "<group>"; };
		ED7C3FE6233A0F02002F1639 /* Style.swift */ = {isa = PBXFileReference; lastKnownFileType = sourcecode.swift; path = Style.swift; sourceTree = "<group>"; };
		ED7C3FE8233A0F35002F1639 /* Color.swift */ = {isa = PBXFileReference; lastKnownFileType = sourcecode.swift; path = Color.swift; sourceTree = "<group>"; };
		ED9B33DF238FD0860079E7B8 /* ErrorView.xib */ = {isa = PBXFileReference; fileEncoding = 4; lastKnownFileType = file.xib; path = ErrorView.xib; sourceTree = "<group>"; };
		ED9B33E1238FD0AF0079E7B8 /* ErrorView.swift */ = {isa = PBXFileReference; lastKnownFileType = sourcecode.swift; path = ErrorView.swift; sourceTree = "<group>"; };
		ED9B33E32390B7780079E7B8 /* ErrorTranslator.swift */ = {isa = PBXFileReference; lastKnownFileType = sourcecode.swift; path = ErrorTranslator.swift; sourceTree = "<group>"; };
		ED9B33E52390F0B00079E7B8 /* ErrorTranslatorTests.swift */ = {isa = PBXFileReference; lastKnownFileType = sourcecode.swift; path = ErrorTranslatorTests.swift; sourceTree = "<group>"; };
		EDA3EE7E22DF0AF600D9A6C9 /* CardNumberFormatter.swift */ = {isa = PBXFileReference; fileEncoding = 4; lastKnownFileType = sourcecode.swift; path = CardNumberFormatter.swift; sourceTree = "<group>"; };
		EDA3EE8022DF1F0300D9A6C9 /* CardNumberFormatterTests.swift */ = {isa = PBXFileReference; lastKnownFileType = sourcecode.swift; path = CardNumberFormatterTests.swift; sourceTree = "<group>"; };
		EDA3EE8222E0199700D9A6C9 /* CardBrandTransformer.swift */ = {isa = PBXFileReference; fileEncoding = 4; lastKnownFileType = sourcecode.swift; path = CardBrandTransformer.swift; sourceTree = "<group>"; };
		EDA3EE8422E019A000D9A6C9 /* CardBrandTransformerTests.swift */ = {isa = PBXFileReference; fileEncoding = 4; lastKnownFileType = sourcecode.swift; path = CardBrandTransformerTests.swift; sourceTree = "<group>"; };
		EDA3EE8722E18A6C00D9A6C9 /* CardNumberValidator.swift */ = {isa = PBXFileReference; lastKnownFileType = sourcecode.swift; path = CardNumberValidator.swift; sourceTree = "<group>"; };
		EDA3EE8B22E19D7800D9A6C9 /* CardNumberValidatorTests.swift */ = {isa = PBXFileReference; lastKnownFileType = sourcecode.swift; path = CardNumberValidatorTests.swift; sourceTree = "<group>"; };
		EDA3EE8D22E1AF9C00D9A6C9 /* CvcValidator.swift */ = {isa = PBXFileReference; lastKnownFileType = sourcecode.swift; path = CvcValidator.swift; sourceTree = "<group>"; };
		EDA3EE9322E1B88F00D9A6C9 /* CvcValidatorTests.swift */ = {isa = PBXFileReference; lastKnownFileType = sourcecode.swift; path = CvcValidatorTests.swift; sourceTree = "<group>"; };
		EDA3EE9522E1C26100D9A6C9 /* CvcFormatter.swift */ = {isa = PBXFileReference; lastKnownFileType = sourcecode.swift; path = CvcFormatter.swift; sourceTree = "<group>"; };
		EDA3EE9722E1C6FE00D9A6C9 /* CvcFormatterTests.swift */ = {isa = PBXFileReference; lastKnownFileType = sourcecode.swift; path = CvcFormatterTests.swift; sourceTree = "<group>"; };
		EDA77564238E3ECD00162340 /* PublicKeyValidator.swift */ = {isa = PBXFileReference; lastKnownFileType = sourcecode.swift; path = PublicKeyValidator.swift; sourceTree = "<group>"; };
		EDA77568238E4CB200162340 /* PublicKeyValidatorTests.swift */ = {isa = PBXFileReference; lastKnownFileType = sourcecode.swift; path = PublicKeyValidatorTests.swift; sourceTree = "<group>"; };
		EDA7F92C2345BF0F00EB1CA8 /* NSErrorConverter.swift */ = {isa = PBXFileReference; lastKnownFileType = sourcecode.swift; path = NSErrorConverter.swift; sourceTree = "<group>"; };
		EDADA261238BCE860057FDF3 /* UIViewController+PAYJP.swift */ = {isa = PBXFileReference; fileEncoding = 4; lastKnownFileType = sourcecode.swift; path = "UIViewController+PAYJP.swift"; sourceTree = "<group>"; };
		EDB319CB234EDF0300CB0212 /* CardFormView.swift */ = {isa = PBXFileReference; lastKnownFileType = sourcecode.swift; path = CardFormView.swift; sourceTree = "<group>"; };
		EDB319CD23501CA300CB0212 /* CardFormViewDelegate.swift */ = {isa = PBXFileReference; lastKnownFileType = sourcecode.swift; path = CardFormViewDelegate.swift; sourceTree = "<group>"; };
		EDC02D61230D2A0C00305B10 /* Assets.xcassets */ = {isa = PBXFileReference; lastKnownFileType = folder.assetcatalog; path = Assets.xcassets; sourceTree = "<group>"; };
		EDCF722C22F935D400272C10 /* Token.swift */ = {isa = PBXFileReference; fileEncoding = 4; lastKnownFileType = sourcecode.swift; path = Token.swift; sourceTree = "<group>"; };
		EDCF722E22F9363600272C10 /* TokenTests.swift */ = {isa = PBXFileReference; fileEncoding = 4; lastKnownFileType = sourcecode.swift; path = TokenTests.swift; sourceTree = "<group>"; };
		EDCF723B22FBF07C00272C10 /* CardFormViewModelTests.swift */ = {isa = PBXFileReference; fileEncoding = 4; lastKnownFileType = sourcecode.swift; path = CardFormViewModelTests.swift; sourceTree = "<group>"; };
		EDE20E9223B1E18800A38A96 /* CardVerificationViewController.swift */ = {isa = PBXFileReference; lastKnownFileType = sourcecode.swift; path = CardVerificationViewController.swift; sourceTree = "<group>"; };
		EDE20E9423B1E7C100A38A96 /* CardVerification.storyboard */ = {isa = PBXFileReference; lastKnownFileType = file.storyboard; path = CardVerification.storyboard; sourceTree = "<group>"; };
		EDE20E9623B3135300A38A96 /* ThreeDSecureStatus.swift */ = {isa = PBXFileReference; lastKnownFileType = sourcecode.swift; path = ThreeDSecureStatus.swift; sourceTree = "<group>"; };
		EDE20E9823B336B500A38A96 /* CardVerificationViewControllerDelegate.swift */ = {isa = PBXFileReference; lastKnownFileType = sourcecode.swift; path = CardVerificationViewControllerDelegate.swift; sourceTree = "<group>"; };
		EDEAE9552344431100E061C8 /* CardFormLabelStyledView.swift */ = {isa = PBXFileReference; fileEncoding = 4; lastKnownFileType = sourcecode.swift; path = CardFormLabelStyledView.swift; sourceTree = "<group>"; };
		EDEAE9562344431200E061C8 /* CardFormLabelStyledView.xib */ = {isa = PBXFileReference; fileEncoding = 4; lastKnownFileType = file.xib; path = CardFormLabelStyledView.xib; sourceTree = "<group>"; };
		EDFF4DB1234322B00036F449 /* LocalError.swift */ = {isa = PBXFileReference; lastKnownFileType = sourcecode.swift; path = LocalError.swift; sourceTree = "<group>"; };
/* End PBXFileReference section */

/* Begin PBXFrameworksBuildPhase section */
		615AFF571C8C74A1003FB86F /* Frameworks */ = {
			isa = PBXFrameworksBuildPhase;
			buildActionMask = 2147483647;
			files = (
			);
			runOnlyForDeploymentPostprocessing = 0;
		};
		615AFF621C8C74A1003FB86F /* Frameworks */ = {
			isa = PBXFrameworksBuildPhase;
			buildActionMask = 2147483647;
			files = (
				615AFF661C8C74A1003FB86F /* PAYJP.framework in Frameworks */,
				C6E00B0F1E1F583B00C101B0 /* OHHTTPStubs.framework in Frameworks */,
			);
			runOnlyForDeploymentPostprocessing = 0;
		};
/* End PBXFrameworksBuildPhase section */

/* Begin PBXGroup section */
		615AFF511C8C74A1003FB86F = {
			isa = PBXGroup;
			children = (
				C6E00B0C1E1F505600C101B0 /* Frameworks */,
				615AFF5C1C8C74A1003FB86F /* Products */,
				615AFF5D1C8C74A1003FB86F /* Sources */,
				615AFF691C8C74A1003FB86F /* Tests */,
				ED66B2DC23D697D10095B18D /* Resource.bundle */,
				EDC02D61230D2A0C00305B10 /* Assets.xcassets */,
			);
			sourceTree = "<group>";
		};
		615AFF5C1C8C74A1003FB86F /* Products */ = {
			isa = PBXGroup;
			children = (
				615AFF5B1C8C74A1003FB86F /* PAYJP.framework */,
				615AFF651C8C74A1003FB86F /* PAYJPTests.xctest */,
			);
			name = Products;
			sourceTree = "<group>";
		};
		615AFF5D1C8C74A1003FB86F /* Sources */ = {
			isa = PBXGroup;
			children = (
				BE7FB8EE22FC00820090B9B8 /* CardIO */,
				ED2CDBB123E952570017F102 /* Common */,
				BE21781022E8061D0098128D /* Core */,
				BE4B4FDD22FD3E1D00642192 /* Extensions */,
				BE734B8222DD7868008679EC /* Formatters */,
				BE21781822E82A880098128D /* Networking */,
				ED7C3FE5233A0ED0002F1639 /* Styles */,
				BE734B8322DD7873008679EC /* Validators */,
				BE734B8B22DEE2DA008679EC /* Views */,
				615AFF751C8C76E2003FB86F /* APIClient.swift */,
				615AFF601C8C74A1003FB86F /* Info.plist */,
				ED05B172238CF18200DCA1C9 /* Log.swift */,
				615AFF5E1C8C74A1003FB86F /* PAYJP.h */,
				BE6C230D20B4064200C4FE1E /* PAYJP.m */,
			);
			path = Sources;
			sourceTree = "<group>";
		};
		615AFF691C8C74A1003FB86F /* Tests */ = {
			isa = PBXGroup;
			children = (
				BE21781122E806580098128D /* Core */,
				BE734B8522DD7888008679EC /* Formatters */,
				BE21781722E82A420098128D /* Networking */,
				BE734B8422DD787E008679EC /* Validators */,
				EDCF723A22FBF07C00272C10 /* Views */,
				615AFF6A1C8C74A1003FB86F /* APIClientTests.swift */,
				BE6C230F20B566AE00C4FE1E /* APIErrorNSErrorTests.swift */,
				C68681F61E1E21D9001D7F75 /* CardFromTokenTests.swift */,
				C62B7CBB1DA2078A00CAFD7B /* Fixtures */,
				615AFF6C1C8C74A1003FB86F /* Info.plist */,
				BE21781222E806720098128D /* PAYJPTests-Bridging-Header.h */,
				ED3FEF7422F13F6000FA73BF /* String+PAYJPTests.swift */,
				ED508382231CC3B600C64A7F /* StringProtocol+PAYJPTests.swift */,
				BE25B80322F15AAC00799201 /* StubPaymentToken.swift */,
				C68681F91E1E2369001D7F75 /* TestFixture.swift */,
			);
			path = Tests;
			sourceTree = "<group>";
		};
		BE21781022E8061D0098128D /* Core */ = {
			isa = PBXGroup;
			children = (
				BE21781922E82AA50098128D /* CallbackQueue.swift */,
				BE21780E22E802A00098128D /* PAYJPSDK.swift */,
			);
			path = Core;
			sourceTree = "<group>";
		};
		BE21781122E806580098128D /* Core */ = {
			isa = PBXGroup;
			children = (
				BE21781322E806730098128D /* PAYJPSDKTests.m */,
				BE21781522E8091A0098128D /* PAYJPSDKTests.swift */,
			);
			path = Core;
			sourceTree = "<group>";
		};
		BE21781722E82A420098128D /* Networking */ = {
			isa = PBXGroup;
			children = (
				ED40969B2394B9E1007FD8A6 /* Core */,
				BE21784F22E9657F0098128D /* Models */,
				BE21785522E995AE0098128D /* Requests */,
				ED016AAE234ACE030049E6CE /* NSErrorConverterTests.swift */,
			);
			path = Networking;
			sourceTree = "<group>";
		};
		BE21781822E82A880098128D /* Networking */ = {
			isa = PBXGroup;
			children = (
				BE21782222E85A880098128D /* Core */,
				BE21782122E858740098128D /* Models */,
				BE21785022E9827F0098128D /* Requests */,
				BEA1D28322EADCA400F8906B /* Services */,
			);
			path = Networking;
			sourceTree = "<group>";
		};
		BE21782122E858740098128D /* Models */ = {
			isa = PBXGroup;
			children = (
				C65513741DA24E18009D6DA5 /* Card.swift */,
				BEA1D28A22EAFCBE00F8906B /* CardBrand.swift */,
				BEA1D28822EAFB6700F8906B /* GetAcceptedBrandsResponse.swift */,
				BE6C230520B2DCEA00C4FE1E /* PAYErrorResponse.swift */,
				ED2638FF242896BF006D0715 /* ThreeDSecureToken.swift */,
				EDE20E9623B3135300A38A96 /* ThreeDSecureStatus.swift */,
				EDCF722C22F935D400272C10 /* Token.swift */,
			);
			path = Models;
			sourceTree = "<group>";
		};
		BE21782222E85A880098128D /* Core */ = {
			isa = PBXGroup;
			children = (
				C65513BD1DA37AD4009D6DA5 /* APIError.swift */,
				BE21785322E982E30098128D /* BaseRequest.swift */,
				BE21781B22E82AFD0098128D /* Client.swift */,
				3289C9D023EACB6D008FFBC1 /* ClientInfo.swift */,
				32A8E4CB23B4616A001D1C38 /* JSONDecodable.swift */,
				322BD1D5225C83CA00D83B5E /* JSONDecoder+PAYJP.swift */,
				EDFF4DB1234322B00036F449 /* LocalError.swift */,
				EDA7F92C2345BF0F00EB1CA8 /* NSErrorConverter.swift */,
				BE21781F22E82B820098128D /* ParametersSerialization.swift */,
				BE21781D22E82B350098128D /* Request.swift */,
			);
			path = Core;
			sourceTree = "<group>";
		};
		BE21784F22E9657F0098128D /* Models */ = {
			isa = PBXGroup;
			children = (
				BE196D4922F123F100A042BE /* GetAcceptedBrandsResponseTests.swift */,
				BE6C230720B2DE0300C4FE1E /* PAYErrorResponseTests.swift */,
				ED0C78F9242C89090022D544 /* ThreeDSecureTokenTests.swift */,
				EDCF722E22F9363600272C10 /* TokenTests.swift */,
			);
			path = Models;
			sourceTree = "<group>";
		};
		BE21785022E9827F0098128D /* Requests */ = {
			isa = PBXGroup;
			children = (
				BE21785822E9993D0098128D /* CreateTokenForApplePayRequest.swift */,
				ED0C78F42429B9980022D544 /* CreateTokenForThreeDSecureRequest.swift */,
				BE21785122E982A60098128D /* CreateTokenRequest.swift */,
				BE21786022E9A4F70098128D /* GetAcceptedBrands.swift */,
				BE21785C22E99CF10098128D /* GetTokenRequest.swift */,
			);
			path = Requests;
			sourceTree = "<group>";
		};
		BE21785522E995AE0098128D /* Requests */ = {
			isa = PBXGroup;
			children = (
				BE21785A22E99BB30098128D /* CreateTokenForApplePayRequestTests.swift */,
				ED0C78F62429F3940022D544 /* CreateTokenForThreeDSecureRequestTests.swift */,
				BE21785622E995C40098128D /* CreateTokenRequestTests.swift */,
				BE21786222E9B9A90098128D /* GetAcceptedBrandsTests.swift */,
				BE21785E22E99F260098128D /* GetTokenRequestTests.swift */,
			);
			path = Requests;
			sourceTree = "<group>";
		};
		BE4B4FDD22FD3E1D00642192 /* Extensions */ = {
			isa = PBXGroup;
			children = (
				ED66B2D323D581990095B18D /* Bundle+PAYJP.swift */,
				ED3FEF7222F133A700FA73BF /* String+PAYJP.swift */,
				BE0203E8231F8DCB00FE5635 /* StringProtocol+PAYJP.swift */,
				ED00F8BE24319E1B004DFE2C /* UIApplication+PAYJP.swift */,
				BE4B4FDE22FD3E3A00642192 /* UIView+PAYJP.swift */,
				EDADA261238BCE860057FDF3 /* UIViewController+PAYJP.swift */,
				325E36B0233484C90037E6BE /* UIColor+PAYJP.swift */,
			);
			path = Extensions;
			sourceTree = "<group>";
		};
		BE734B8222DD7868008679EC /* Formatters */ = {
			isa = PBXGroup;
			children = (
				EDA3EE7E22DF0AF600D9A6C9 /* CardNumberFormatter.swift */,
				EDA3EE9522E1C26100D9A6C9 /* CvcFormatter.swift */,
				BE734B8622DD7C2D008679EC /* ExpirationFormatter.swift */,
			);
			path = Formatters;
			sourceTree = "<group>";
		};
		BE734B8322DD7873008679EC /* Validators */ = {
			isa = PBXGroup;
			children = (
				EDA3EE8222E0199700D9A6C9 /* CardBrandTransformer.swift */,
				EDA3EE8722E18A6C00D9A6C9 /* CardNumberValidator.swift */,
				EDA3EE8D22E1AF9C00D9A6C9 /* CvcValidator.swift */,
				BE1DAA7922E043AE00D15A84 /* ExpirationExtractor.swift */,
				BE0417CE22E1A51100B944CB /* ExpirationValidator.swift */,
				EDA77564238E3ECD00162340 /* PublicKeyValidator.swift */,
			);
			path = Validators;
			sourceTree = "<group>";
		};
		BE734B8422DD787E008679EC /* Validators */ = {
			isa = PBXGroup;
			children = (
				EDA3EE8422E019A000D9A6C9 /* CardBrandTransformerTests.swift */,
				EDA3EE8B22E19D7800D9A6C9 /* CardNumberValidatorTests.swift */,
				EDA3EE9322E1B88F00D9A6C9 /* CvcValidatorTests.swift */,
				BE1DAA7B22E0536800D15A84 /* ExpirationExtractorTests.swift */,
				BE0417D022E1A52500B944CB /* ExpirationValidatorTests.swift */,
				EDA77568238E4CB200162340 /* PublicKeyValidatorTests.swift */,
			);
			path = Validators;
			sourceTree = "<group>";
		};
		BE734B8522DD7888008679EC /* Formatters */ = {
			isa = PBXGroup;
			children = (
				EDA3EE8022DF1F0300D9A6C9 /* CardNumberFormatterTests.swift */,
				EDA3EE9722E1C6FE00D9A6C9 /* CvcFormatterTests.swift */,
				BE734B8922DD7DE2008679EC /* ExpirationFormatterTests.swift */,
			);
			path = Formatters;
			sourceTree = "<group>";
		};
		BE734B8B22DEE2DA008679EC /* Views */ = {
			isa = PBXGroup;
			children = (
				32A6F613239608DD00747477 /* ActionButton.swift */,
				ED0673682387844B00F86D18 /* BrandImageCell.swift */,
				ED0673692387844B00F86D18 /* BrandImageCell.xib */,
				ED31B0812398E9F000DDFFE5 /* CardFormInput.swift */,
				EDEAE9552344431100E061C8 /* CardFormLabelStyledView.swift */,
				EDEAE9562344431200E061C8 /* CardFormLabelStyledView.xib */,
				ED31B07D2397C6E800DDFFE5 /* CardFormScreenPresenter.swift */,
				BE734B8E22DEF3AE008679EC /* CardFormTableStyledView.swift */,
				ED508369230FC3AB00C64A7F /* CardFormTableStyledView.xib */,
				EDB319CB234EDF0300CB0212 /* CardFormView.swift */,
				ED2ECF83237E9E240066D6C2 /* CardFormViewController.swift */,
				ED4ACE172383F61C00349BBF /* CardFormViewControllerDelegate.swift */,
				EDB319CD23501CA300CB0212 /* CardFormViewDelegate.swift */,
				BE0417D222E1CE4300B944CB /* CardFormViewViewModel.swift */,
				ED2ECF85237E9E4F0066D6C2 /* CardForm.storyboard */,
				ED3FEF7022F0376500FA73BF /* CardNumber.swift */,
				EDE20E9223B1E18800A38A96 /* CardVerificationViewController.swift */,
				EDE20E9823B336B500A38A96 /* CardVerificationViewControllerDelegate.swift */,
				EDE20E9423B1E7C100A38A96 /* CardVerification.storyboard */,
				ED9B33E32390B7780079E7B8 /* ErrorTranslator.swift */,
				ED9B33E1238FD0AF0079E7B8 /* ErrorView.swift */,
				ED9B33DF238FD0860079E7B8 /* ErrorView.xib */,
				ED3FEF6E22EFE71900FA73BF /* FormError.swift */,
				325E36AE233482AC0037E6BE /* FormStyle.swift */,
				ED30C8C723C474E0008373E6 /* WebViewObserver.swift */,
			);
			path = Views;
			sourceTree = "<group>";
		};
		BE7FB8EE22FC00820090B9B8 /* CardIO */ = {
			isa = PBXGroup;
			children = (
				BE3F43AE232775860020742A /* CardIOCardParams.h */,
				BE3F43AF232775860020742A /* CardIOCardParams.m */,
				BE4B4FD722FC036200642192 /* CardIOProxy.h */,
				BE4B4FD822FC036200642192 /* CardIOProxy.m */,
			);
			path = CardIO;
			sourceTree = "<group>";
		};
		BEA1D28322EADCA400F8906B /* Services */ = {
			isa = PBXGroup;
			children = (
				BEA1D28622EADE5000F8906B /* AccountsService.swift */,
				BEA1D28422EADCC200F8906B /* TokensService.swift */,
			);
			path = Services;
			sourceTree = "<group>";
		};
		C6E00B0C1E1F505600C101B0 /* Frameworks */ = {
			isa = PBXGroup;
			children = (
				C6E00B0D1E1F505600C101B0 /* OHHTTPStubs.framework */,
			);
			name = Frameworks;
			sourceTree = "<group>";
		};
		ED2CDBB123E952570017F102 /* Common */ = {
			isa = PBXGroup;
			children = (
				ED2CDBB223E952570017F102 /* PermissionFetcher.swift */,
				ED00F8BC24319B31004DFE2C /* URLSchemeHandler.swift */,
			);
			path = Common;
			sourceTree = "<group>";
		};
		ED40969B2394B9E1007FD8A6 /* Core */ = {
			isa = PBXGroup;
			children = (
				ED40969C2394B9E1007FD8A6 /* ClientTests.swift */,
				3289C9D223EBFC87008FFBC1 /* ClientInfoTests.swift */,
			);
			path = Core;
			sourceTree = "<group>";
		};
		ED7C3FE5233A0ED0002F1639 /* Styles */ = {
			isa = PBXGroup;
			children = (
				ED7C3FE6233A0F02002F1639 /* Style.swift */,
				ED7C3FE8233A0F35002F1639 /* Color.swift */,
				32A6F6152396093B00747477 /* Radius.swift */,
			);
			path = Styles;
			sourceTree = "<group>";
		};
		EDCF723A22FBF07C00272C10 /* Views */ = {
			isa = PBXGroup;
			children = (
				ED31B0832398FC0C00DDFFE5 /* CardFormScreenPresenterTests.swift */,
				EDCF723B22FBF07C00272C10 /* CardFormViewModelTests.swift */,
				ED9B33E52390F0B00079E7B8 /* ErrorTranslatorTests.swift */,
				ED31B086239A31B300DDFFE5 /* Mock.swift */,
			);
			path = Views;
			sourceTree = "<group>";
		};
/* End PBXGroup section */

/* Begin PBXHeadersBuildPhase section */
		615AFF581C8C74A1003FB86F /* Headers */ = {
			isa = PBXHeadersBuildPhase;
			buildActionMask = 2147483647;
			files = (
				615AFF5F1C8C74A1003FB86F /* PAYJP.h in Headers */,
				BE3F43B0232775860020742A /* CardIOCardParams.h in Headers */,
				BE4B4FD922FC036200642192 /* CardIOProxy.h in Headers */,
			);
			runOnlyForDeploymentPostprocessing = 0;
		};
/* End PBXHeadersBuildPhase section */

/* Begin PBXNativeTarget section */
		615AFF5A1C8C74A1003FB86F /* PAYJP */ = {
			isa = PBXNativeTarget;
			buildConfigurationList = 615AFF6F1C8C74A1003FB86F /* Build configuration list for PBXNativeTarget "PAYJP" */;
			buildPhases = (
				615AFF561C8C74A1003FB86F /* Sources */,
				615AFF571C8C74A1003FB86F /* Frameworks */,
				615AFF581C8C74A1003FB86F /* Headers */,
				615AFF591C8C74A1003FB86F /* Resources */,
				324792A72342FD9B00C86EFB /* Run SwiftLint */,
			);
			buildRules = (
			);
			dependencies = (
			);
			name = PAYJP;
			productName = PAYJP;
			productReference = 615AFF5B1C8C74A1003FB86F /* PAYJP.framework */;
			productType = "com.apple.product-type.framework";
		};
		615AFF641C8C74A1003FB86F /* PAYJPTests */ = {
			isa = PBXNativeTarget;
			buildConfigurationList = 615AFF721C8C74A1003FB86F /* Build configuration list for PBXNativeTarget "PAYJPTests" */;
			buildPhases = (
				615AFF611C8C74A1003FB86F /* Sources */,
				615AFF621C8C74A1003FB86F /* Frameworks */,
				615AFF631C8C74A1003FB86F /* Resources */,
				C6E00B101E1F58C200C101B0 /* CopyFiles */,
			);
			buildRules = (
			);
			dependencies = (
				615AFF681C8C74A1003FB86F /* PBXTargetDependency */,
			);
			name = PAYJPTests;
			productName = PAYJPTests;
			productReference = 615AFF651C8C74A1003FB86F /* PAYJPTests.xctest */;
			productType = "com.apple.product-type.bundle.unit-test";
		};
/* End PBXNativeTarget section */

/* Begin PBXProject section */
		615AFF521C8C74A1003FB86F /* Project object */ = {
			isa = PBXProject;
			attributes = {
				LastSwiftUpdateCheck = 0920;
				LastUpgradeCheck = 1020;
				ORGANIZATIONNAME = "PAY, Inc.";
				TargetAttributes = {
					615AFF5A1C8C74A1003FB86F = {
						CreatedOnToolsVersion = 7.2.1;
						DevelopmentTeam = 8ZAC8P584F;
						LastSwiftMigration = 1020;
						ProvisioningStyle = Automatic;
					};
					615AFF641C8C74A1003FB86F = {
						CreatedOnToolsVersion = 7.2.1;
						DevelopmentTeam = 8ZAC8P584F;
						LastSwiftMigration = 1020;
					};
				};
			};
			buildConfigurationList = 615AFF551C8C74A1003FB86F /* Build configuration list for PBXProject "PAYJP" */;
			compatibilityVersion = "Xcode 3.2";
			developmentRegion = en;
			hasScannedForEncodings = 0;
			knownRegions = (
				en,
				Base,
				ja,
			);
			mainGroup = 615AFF511C8C74A1003FB86F;
			productRefGroup = 615AFF5C1C8C74A1003FB86F /* Products */;
			projectDirPath = "";
			projectRoot = "";
			targets = (
				615AFF5A1C8C74A1003FB86F /* PAYJP */,
				615AFF641C8C74A1003FB86F /* PAYJPTests */,
			);
		};
/* End PBXProject section */

/* Begin PBXResourcesBuildPhase section */
		615AFF591C8C74A1003FB86F /* Resources */ = {
			isa = PBXResourcesBuildPhase;
			buildActionMask = 2147483647;
			files = (
				ED50836A230FC3AC00C64A7F /* CardFormTableStyledView.xib in Resources */,
				EDE20E9523B1E7C100A38A96 /* CardVerification.storyboard in Resources */,
				EDC02D62230D2A0C00305B10 /* Assets.xcassets in Resources */,
				ED06736B2387844B00F86D18 /* BrandImageCell.xib in Resources */,
				ED2ECF86237E9E4F0066D6C2 /* CardForm.storyboard in Resources */,
				ED9B33E0238FD0860079E7B8 /* ErrorView.xib in Resources */,
				EDEAE9582344431200E061C8 /* CardFormLabelStyledView.xib in Resources */,
				ED66B2DD23D697D10095B18D /* Resource.bundle in Resources */,
			);
			runOnlyForDeploymentPostprocessing = 0;
		};
		615AFF631C8C74A1003FB86F /* Resources */ = {
			isa = PBXResourcesBuildPhase;
			buildActionMask = 2147483647;
			files = (
				C62B7CBC1DA2078A00CAFD7B /* Fixtures in Resources */,
			);
			runOnlyForDeploymentPostprocessing = 0;
		};
/* End PBXResourcesBuildPhase section */

/* Begin PBXShellScriptBuildPhase section */
		324792A72342FD9B00C86EFB /* Run SwiftLint */ = {
			isa = PBXShellScriptBuildPhase;
			buildActionMask = 2147483647;
			files = (
			);
			inputFileListPaths = (
			);
			inputPaths = (
			);
			name = "Run SwiftLint";
			outputFileListPaths = (
			);
			outputPaths = (
			);
			runOnlyForDeploymentPostprocessing = 0;
			shellPath = /bin/sh;
			shellScript = "if which swiftlint >/dev/null; then\nswiftlint\nelse\necho \"warning: SwiftLint not installed, download from https://github.com/realm/SwiftLint\"\nfi\n";
		};
/* End PBXShellScriptBuildPhase section */

/* Begin PBXSourcesBuildPhase section */
		615AFF561C8C74A1003FB86F /* Sources */ = {
			isa = PBXSourcesBuildPhase;
			buildActionMask = 2147483647;
			files = (
				32A8E4CC23B4616A001D1C38 /* JSONDecodable.swift in Sources */,
				EDCF723322F9490400272C10 /* String+PAYJP.swift in Sources */,
				EDCF723222F948F500272C10 /* CardNumber.swift in Sources */,
				BE3F43B1232775860020742A /* CardIOCardParams.m in Sources */,
				EDCF723122F948ED00272C10 /* FormError.swift in Sources */,
				BE21781A22E82AA50098128D /* CallbackQueue.swift in Sources */,
				ED0C78F52429B9980022D544 /* CreateTokenForThreeDSecureRequest.swift in Sources */,
				BE6C230E20B4064200C4FE1E /* PAYJP.m in Sources */,
				BEA1D28722EADE5000F8906B /* AccountsService.swift in Sources */,
				BE4B4FDF22FD3E3A00642192 /* UIView+PAYJP.swift in Sources */,
				EDA77565238E3ECD00162340 /* PublicKeyValidator.swift in Sources */,
				ED9B33E2238FD0AF0079E7B8 /* ErrorView.swift in Sources */,
				C65513751DA24E18009D6DA5 /* Card.swift in Sources */,
				EDB319CE23501CA300CB0212 /* CardFormViewDelegate.swift in Sources */,
				BE6C230620B2DCEB00C4FE1E /* PAYErrorResponse.swift in Sources */,
				BE21781E22E82B350098128D /* Request.swift in Sources */,
				EDA3EE8E22E1AF9C00D9A6C9 /* CvcValidator.swift in Sources */,
				EDADA262238BCE860057FDF3 /* UIViewController+PAYJP.swift in Sources */,
				EDA3EE7F22DF0AF600D9A6C9 /* CardNumberFormatter.swift in Sources */,
				ED4ACE182383F61D00349BBF /* CardFormViewControllerDelegate.swift in Sources */,
				ED06736A2387844B00F86D18 /* BrandImageCell.swift in Sources */,
				ED6F13442360319B00857BCC /* FormStyle.swift in Sources */,
				3289C9D123EACB6D008FFBC1 /* ClientInfo.swift in Sources */,
				ED66B2D423D581990095B18D /* Bundle+PAYJP.swift in Sources */,
				BE4B4FDA22FC036200642192 /* CardIOProxy.m in Sources */,
				BEA1D28522EADCC200F8906B /* TokensService.swift in Sources */,
				BE21785422E982E30098128D /* BaseRequest.swift in Sources */,
				BE734B8722DD7C2D008679EC /* ExpirationFormatter.swift in Sources */,
				ED2CDBB323E952570017F102 /* PermissionFetcher.swift in Sources */,
				C65513BE1DA37AD4009D6DA5 /* APIError.swift in Sources */,
				ED7C3FE7233A0F02002F1639 /* Style.swift in Sources */,
				BE21785222E982A60098128D /* CreateTokenRequest.swift in Sources */,
				322BD1D6225C83CA00D83B5E /* JSONDecoder+PAYJP.swift in Sources */,
				32A6F614239608DD00747477 /* ActionButton.swift in Sources */,
				EDA7F92D2345BF0F00EB1CA8 /* NSErrorConverter.swift in Sources */,
				BE21786122E9A4F70098128D /* GetAcceptedBrands.swift in Sources */,
				ED31B0822398E9F000DDFFE5 /* CardFormInput.swift in Sources */,
				615AFF761C8C76E2003FB86F /* APIClient.swift in Sources */,
				EDE20E9723B3135300A38A96 /* ThreeDSecureStatus.swift in Sources */,
				BE0203E9231F8DCB00FE5635 /* StringProtocol+PAYJP.swift in Sources */,
				EDCF722D22F935D400272C10 /* Token.swift in Sources */,
				EDE20E9923B336B500A38A96 /* CardVerificationViewControllerDelegate.swift in Sources */,
				ED7C3FE9233A0F35002F1639 /* Color.swift in Sources */,
				EDA3EE8822E18A6C00D9A6C9 /* CardNumberValidator.swift in Sources */,
				ED00F8BF24319E1B004DFE2C /* UIApplication+PAYJP.swift in Sources */,
				BE734B8F22DEF3AE008679EC /* CardFormTableStyledView.swift in Sources */,
				EDB319CC234EDF0300CB0212 /* CardFormView.swift in Sources */,
				BE0417D322E1CE4300B944CB /* CardFormViewViewModel.swift in Sources */,
				BE1DAA7A22E043AE00D15A84 /* ExpirationExtractor.swift in Sources */,
				ED00F8BD24319B31004DFE2C /* URLSchemeHandler.swift in Sources */,
				32A6F6162396093B00747477 /* Radius.swift in Sources */,
				EDA3EE9A22E1CD8F00D9A6C9 /* CardBrandTransformer.swift in Sources */,
				EDEAE9572344431200E061C8 /* CardFormLabelStyledView.swift in Sources */,
				BE21785D22E99CF10098128D /* GetTokenRequest.swift in Sources */,
				BE0417CF22E1A51100B944CB /* ExpirationValidator.swift in Sources */,
				ED30C8C823C474E0008373E6 /* WebViewObserver.swift in Sources */,
				EDE20E9323B1E18800A38A96 /* CardVerificationViewController.swift in Sources */,
				ED9B33E42390B7780079E7B8 /* ErrorTranslator.swift in Sources */,
				ED263900242896BF006D0715 /* ThreeDSecureToken.swift in Sources */,
				BE21781C22E82AFD0098128D /* Client.swift in Sources */,
				BE21785922E9993D0098128D /* CreateTokenForApplePayRequest.swift in Sources */,
				ED05B173238CF18200DCA1C9 /* Log.swift in Sources */,
				325E36B1233484C90037E6BE /* UIColor+PAYJP.swift in Sources */,
				BEA1D28922EAFB6700F8906B /* GetAcceptedBrandsResponse.swift in Sources */,
				EDFF4DB2234322B00036F449 /* LocalError.swift in Sources */,
				BEA1D28B22EAFCBE00F8906B /* CardBrand.swift in Sources */,
				BE21780F22E802A00098128D /* PAYJPSDK.swift in Sources */,
				ED31B07E2397C6E800DDFFE5 /* CardFormScreenPresenter.swift in Sources */,
				EDA3EE9622E1C26100D9A6C9 /* CvcFormatter.swift in Sources */,
				ED2ECF84237E9E240066D6C2 /* CardFormViewController.swift in Sources */,
				BE21782022E82B820098128D /* ParametersSerialization.swift in Sources */,
			);
			runOnlyForDeploymentPostprocessing = 0;
		};
		615AFF611C8C74A1003FB86F /* Sources */ = {
			isa = PBXSourcesBuildPhase;
			buildActionMask = 2147483647;
			files = (
				BE196D4A22F123F100A042BE /* GetAcceptedBrandsResponseTests.swift in Sources */,
				ED40969E2394B9FA007FD8A6 /* ClientTests.swift in Sources */,
				BE25B80722F15AF900799201 /* TestFixture.swift in Sources */,
				EDA3EE8C22E19D7800D9A6C9 /* CardNumberValidatorTests.swift in Sources */,
				615AFF6B1C8C74A1003FB86F /* APIClientTests.swift in Sources */,
				EDCF723C22FBF07C00272C10 /* CardFormViewModelTests.swift in Sources */,
				BE21785F22E99F260098128D /* GetTokenRequestTests.swift in Sources */,
				EDA3EE9B22E1CD9900D9A6C9 /* CardBrandTransformerTests.swift in Sources */,
				ED508383231CC3B600C64A7F /* StringProtocol+PAYJPTests.swift in Sources */,
				EDA77569238E4CB200162340 /* PublicKeyValidatorTests.swift in Sources */,
				EDA3EE8122DF1F0300D9A6C9 /* CardNumberFormatterTests.swift in Sources */,
				BE21781622E8091A0098128D /* PAYJPSDKTests.swift in Sources */,
				BE25B80822F15AFF00799201 /* StubPaymentToken.swift in Sources */,
				BE0417D122E1A52500B944CB /* ExpirationValidatorTests.swift in Sources */,
				ED0C78FA242C89090022D544 /* ThreeDSecureTokenTests.swift in Sources */,
				3289C9D323EBFC87008FFBC1 /* ClientInfoTests.swift in Sources */,
				ED31B088239A31DA00DDFFE5 /* Mock.swift in Sources */,
				ED0C78F82429F3FE0022D544 /* CreateTokenForThreeDSecureRequestTests.swift in Sources */,
				BE6C230920B2DE2F00C4FE1E /* PAYErrorResponseTests.swift in Sources */,
				EDA3EE9422E1B88F00D9A6C9 /* CvcValidatorTests.swift in Sources */,
				BE1DAA7C22E0536800D15A84 /* ExpirationExtractorTests.swift in Sources */,
				ED9B33E62390F0B00079E7B8 /* ErrorTranslatorTests.swift in Sources */,
				BE21781422E806730098128D /* PAYJPSDKTests.m in Sources */,
				EDA3EE9822E1C6FE00D9A6C9 /* CvcFormatterTests.swift in Sources */,
				EDCF723022F9369000272C10 /* TokenTests.swift in Sources */,
				ED3FEF7522F13F6000FA73BF /* String+PAYJPTests.swift in Sources */,
				BE6C231020B566AE00C4FE1E /* APIErrorNSErrorTests.swift in Sources */,
				ED016AAF234ACE030049E6CE /* NSErrorConverterTests.swift in Sources */,
				C68681F81E1E22DB001D7F75 /* CardFromTokenTests.swift in Sources */,
				BE21785B22E99BB30098128D /* CreateTokenForApplePayRequestTests.swift in Sources */,
				ED31B0852399FA8800DDFFE5 /* CardFormScreenPresenterTests.swift in Sources */,
				BE734B8A22DD7DE2008679EC /* ExpirationFormatterTests.swift in Sources */,
				BE21785722E995C40098128D /* CreateTokenRequestTests.swift in Sources */,
				BE21786322E9B9A90098128D /* GetAcceptedBrandsTests.swift in Sources */,
			);
			runOnlyForDeploymentPostprocessing = 0;
		};
/* End PBXSourcesBuildPhase section */

/* Begin PBXTargetDependency section */
		615AFF681C8C74A1003FB86F /* PBXTargetDependency */ = {
			isa = PBXTargetDependency;
			target = 615AFF5A1C8C74A1003FB86F /* PAYJP */;
			targetProxy = 615AFF671C8C74A1003FB86F /* PBXContainerItemProxy */;
		};
/* End PBXTargetDependency section */

/* Begin XCBuildConfiguration section */
		615AFF6D1C8C74A1003FB86F /* Debug */ = {
			isa = XCBuildConfiguration;
			buildSettings = {
				ALWAYS_SEARCH_USER_PATHS = NO;
				BITCODE_GENERATION_MODE = bitcode;
				CLANG_ANALYZER_LOCALIZABILITY_NONLOCALIZED = YES;
				CLANG_CXX_LANGUAGE_STANDARD = "gnu++0x";
				CLANG_CXX_LIBRARY = "libc++";
				CLANG_ENABLE_MODULES = YES;
				CLANG_ENABLE_OBJC_ARC = YES;
				CLANG_WARN_BLOCK_CAPTURE_AUTORELEASING = YES;
				CLANG_WARN_BOOL_CONVERSION = YES;
				CLANG_WARN_COMMA = YES;
				CLANG_WARN_CONSTANT_CONVERSION = YES;
				CLANG_WARN_DEPRECATED_OBJC_IMPLEMENTATIONS = YES;
				CLANG_WARN_DIRECT_OBJC_ISA_USAGE = YES_ERROR;
				CLANG_WARN_EMPTY_BODY = YES;
				CLANG_WARN_ENUM_CONVERSION = YES;
				CLANG_WARN_INFINITE_RECURSION = YES;
				CLANG_WARN_INT_CONVERSION = YES;
				CLANG_WARN_NON_LITERAL_NULL_CONVERSION = YES;
				CLANG_WARN_OBJC_IMPLICIT_RETAIN_SELF = YES;
				CLANG_WARN_OBJC_LITERAL_CONVERSION = YES;
				CLANG_WARN_OBJC_ROOT_CLASS = YES_ERROR;
				CLANG_WARN_RANGE_LOOP_ANALYSIS = YES;
				CLANG_WARN_STRICT_PROTOTYPES = YES;
				CLANG_WARN_SUSPICIOUS_MOVE = YES;
				CLANG_WARN_UNREACHABLE_CODE = YES;
				CLANG_WARN__DUPLICATE_METHOD_MATCH = YES;
				"CODE_SIGN_IDENTITY[sdk=iphoneos*]" = "iPhone Developer";
				COPY_PHASE_STRIP = NO;
				CURRENT_PROJECT_VERSION = 1;
				DEBUG_INFORMATION_FORMAT = dwarf;
				ENABLE_STRICT_OBJC_MSGSEND = YES;
				ENABLE_TESTABILITY = YES;
				GCC_C_LANGUAGE_STANDARD = gnu99;
				GCC_DYNAMIC_NO_PIC = NO;
				GCC_NO_COMMON_BLOCKS = YES;
				GCC_OPTIMIZATION_LEVEL = 0;
				GCC_PREPROCESSOR_DEFINITIONS = (
					"DEBUG=1",
					"$(inherited)",
				);
				GCC_WARN_64_TO_32_BIT_CONVERSION = YES;
				GCC_WARN_ABOUT_RETURN_TYPE = YES_ERROR;
				GCC_WARN_UNDECLARED_SELECTOR = YES;
				GCC_WARN_UNINITIALIZED_AUTOS = YES_AGGRESSIVE;
				GCC_WARN_UNUSED_FUNCTION = YES;
				GCC_WARN_UNUSED_VARIABLE = YES;
				IPHONEOS_DEPLOYMENT_TARGET = 9.0;
				MTL_ENABLE_DEBUG_INFO = YES;
				ONLY_ACTIVE_ARCH = YES;
				OTHER_CFLAGS = "-fembed-bitcode";
				SDKROOT = iphoneos;
				SWIFT_OPTIMIZATION_LEVEL = "-Onone";
				SWIFT_VERSION = 5.0;
				TARGETED_DEVICE_FAMILY = "1,2";
				VERSIONING_SYSTEM = "apple-generic";
				VERSION_INFO_PREFIX = "";
			};
			name = Debug;
		};
		615AFF6E1C8C74A1003FB86F /* Release */ = {
			isa = XCBuildConfiguration;
			buildSettings = {
				ALWAYS_SEARCH_USER_PATHS = NO;
				BITCODE_GENERATION_MODE = bitcode;
				CLANG_ANALYZER_LOCALIZABILITY_NONLOCALIZED = YES;
				CLANG_CXX_LANGUAGE_STANDARD = "gnu++0x";
				CLANG_CXX_LIBRARY = "libc++";
				CLANG_ENABLE_MODULES = YES;
				CLANG_ENABLE_OBJC_ARC = YES;
				CLANG_WARN_BLOCK_CAPTURE_AUTORELEASING = YES;
				CLANG_WARN_BOOL_CONVERSION = YES;
				CLANG_WARN_COMMA = YES;
				CLANG_WARN_CONSTANT_CONVERSION = YES;
				CLANG_WARN_DEPRECATED_OBJC_IMPLEMENTATIONS = YES;
				CLANG_WARN_DIRECT_OBJC_ISA_USAGE = YES_ERROR;
				CLANG_WARN_EMPTY_BODY = YES;
				CLANG_WARN_ENUM_CONVERSION = YES;
				CLANG_WARN_INFINITE_RECURSION = YES;
				CLANG_WARN_INT_CONVERSION = YES;
				CLANG_WARN_NON_LITERAL_NULL_CONVERSION = YES;
				CLANG_WARN_OBJC_IMPLICIT_RETAIN_SELF = YES;
				CLANG_WARN_OBJC_LITERAL_CONVERSION = YES;
				CLANG_WARN_OBJC_ROOT_CLASS = YES_ERROR;
				CLANG_WARN_RANGE_LOOP_ANALYSIS = YES;
				CLANG_WARN_STRICT_PROTOTYPES = YES;
				CLANG_WARN_SUSPICIOUS_MOVE = YES;
				CLANG_WARN_UNREACHABLE_CODE = YES;
				CLANG_WARN__DUPLICATE_METHOD_MATCH = YES;
				"CODE_SIGN_IDENTITY[sdk=iphoneos*]" = "iPhone Developer";
				COPY_PHASE_STRIP = NO;
				CURRENT_PROJECT_VERSION = 1;
				DEBUG_INFORMATION_FORMAT = "dwarf-with-dsym";
				ENABLE_NS_ASSERTIONS = NO;
				ENABLE_STRICT_OBJC_MSGSEND = YES;
				GCC_C_LANGUAGE_STANDARD = gnu99;
				GCC_NO_COMMON_BLOCKS = YES;
				GCC_WARN_64_TO_32_BIT_CONVERSION = YES;
				GCC_WARN_ABOUT_RETURN_TYPE = YES_ERROR;
				GCC_WARN_UNDECLARED_SELECTOR = YES;
				GCC_WARN_UNINITIALIZED_AUTOS = YES_AGGRESSIVE;
				GCC_WARN_UNUSED_FUNCTION = YES;
				GCC_WARN_UNUSED_VARIABLE = YES;
				IPHONEOS_DEPLOYMENT_TARGET = 9.0;
				MTL_ENABLE_DEBUG_INFO = NO;
				OTHER_CFLAGS = "-fembed-bitcode";
				SDKROOT = iphoneos;
				SWIFT_OPTIMIZATION_LEVEL = "-Owholemodule";
				SWIFT_VERSION = 5.0;
				TARGETED_DEVICE_FAMILY = "1,2";
				VALIDATE_PRODUCT = YES;
				VERSIONING_SYSTEM = "apple-generic";
				VERSION_INFO_PREFIX = "";
			};
			name = Release;
		};
		615AFF701C8C74A1003FB86F /* Debug */ = {
			isa = XCBuildConfiguration;
			buildSettings = {
				CLANG_ENABLE_MODULES = YES;
				"CODE_SIGN_IDENTITY[sdk=iphoneos*]" = "";
				DEFINES_MODULE = YES;
				DEVELOPMENT_TEAM = 8ZAC8P584F;
				DYLIB_COMPATIBILITY_VERSION = 1;
				DYLIB_CURRENT_VERSION = 1;
				DYLIB_INSTALL_NAME_BASE = "@rpath";
				GCC_GENERATE_TEST_COVERAGE_FILES = NO;
				INFOPLIST_FILE = Sources/Info.plist;
				INSTALL_PATH = "$(LOCAL_LIBRARY_DIR)/Frameworks";
				LD_RUNPATH_SEARCH_PATHS = "$(inherited) @executable_path/Frameworks @loader_path/Frameworks";
				PRODUCT_BUNDLE_IDENTIFIER = jp.pay.ios;
				PRODUCT_NAME = "$(TARGET_NAME)";
				SKIP_INSTALL = YES;
				SWIFT_OPTIMIZATION_LEVEL = "-Onone";
				SWIFT_VERSION = 5.0;
			};
			name = Debug;
		};
		615AFF711C8C74A1003FB86F /* Release */ = {
			isa = XCBuildConfiguration;
			buildSettings = {
				CLANG_ENABLE_MODULES = YES;
				"CODE_SIGN_IDENTITY[sdk=iphoneos*]" = "";
				DEFINES_MODULE = YES;
				DEVELOPMENT_TEAM = 8ZAC8P584F;
				DYLIB_COMPATIBILITY_VERSION = 1;
				DYLIB_CURRENT_VERSION = 1;
				DYLIB_INSTALL_NAME_BASE = "@rpath";
				GCC_GENERATE_TEST_COVERAGE_FILES = NO;
				INFOPLIST_FILE = Sources/Info.plist;
				INSTALL_PATH = "$(LOCAL_LIBRARY_DIR)/Frameworks";
				LD_RUNPATH_SEARCH_PATHS = "$(inherited) @executable_path/Frameworks @loader_path/Frameworks";
				PRODUCT_BUNDLE_IDENTIFIER = jp.pay.ios;
				PRODUCT_NAME = "$(TARGET_NAME)";
				SKIP_INSTALL = YES;
				SWIFT_VERSION = 5.0;
			};
			name = Release;
		};
		615AFF731C8C74A1003FB86F /* Debug */ = {
			isa = XCBuildConfiguration;
			buildSettings = {
				CLANG_ENABLE_MODULES = YES;
				DEVELOPMENT_TEAM = 8ZAC8P584F;
				FRAMEWORK_SEARCH_PATHS = (
					"$(inherited)",
					"$(PROJECT_DIR)/Carthage/Build/iOS",
				);
				INFOPLIST_FILE = Tests/Info.plist;
				LD_RUNPATH_SEARCH_PATHS = "$(inherited) @executable_path/Frameworks @loader_path/Frameworks";
				PRODUCT_BUNDLE_IDENTIFIER = jp.pay.ios.PAYJPTests;
				PRODUCT_NAME = "$(TARGET_NAME)";
				SWIFT_OBJC_BRIDGING_HEADER = "Tests/PAYJPTests-Bridging-Header.h";
				SWIFT_OPTIMIZATION_LEVEL = "-Onone";
				SWIFT_VERSION = 5.0;
			};
			name = Debug;
		};
		615AFF741C8C74A1003FB86F /* Release */ = {
			isa = XCBuildConfiguration;
			buildSettings = {
				CLANG_ENABLE_MODULES = YES;
				DEVELOPMENT_TEAM = 8ZAC8P584F;
				FRAMEWORK_SEARCH_PATHS = (
					"$(inherited)",
					"$(PROJECT_DIR)/Carthage/Build/iOS",
				);
				INFOPLIST_FILE = Tests/Info.plist;
				LD_RUNPATH_SEARCH_PATHS = "$(inherited) @executable_path/Frameworks @loader_path/Frameworks";
				PRODUCT_BUNDLE_IDENTIFIER = jp.pay.ios.PAYJPTests;
				PRODUCT_NAME = "$(TARGET_NAME)";
				SWIFT_OBJC_BRIDGING_HEADER = "Tests/PAYJPTests-Bridging-Header.h";
				SWIFT_VERSION = 5.0;
			};
			name = Release;
		};
/* End XCBuildConfiguration section */

/* Begin XCConfigurationList section */
		615AFF551C8C74A1003FB86F /* Build configuration list for PBXProject "PAYJP" */ = {
			isa = XCConfigurationList;
			buildConfigurations = (
				615AFF6D1C8C74A1003FB86F /* Debug */,
				615AFF6E1C8C74A1003FB86F /* Release */,
			);
			defaultConfigurationIsVisible = 0;
			defaultConfigurationName = Release;
		};
		615AFF6F1C8C74A1003FB86F /* Build configuration list for PBXNativeTarget "PAYJP" */ = {
			isa = XCConfigurationList;
			buildConfigurations = (
				615AFF701C8C74A1003FB86F /* Debug */,
				615AFF711C8C74A1003FB86F /* Release */,
			);
			defaultConfigurationIsVisible = 0;
			defaultConfigurationName = Release;
		};
		615AFF721C8C74A1003FB86F /* Build configuration list for PBXNativeTarget "PAYJPTests" */ = {
			isa = XCConfigurationList;
			buildConfigurations = (
				615AFF731C8C74A1003FB86F /* Debug */,
				615AFF741C8C74A1003FB86F /* Release */,
			);
			defaultConfigurationIsVisible = 0;
			defaultConfigurationName = Release;
		};
/* End XCConfigurationList section */
	};
	rootObject = 615AFF521C8C74A1003FB86F /* Project object */;
}
